
Microsoft Visual Studio Solution File, Format Version 12.00
# Visual Studio Version 16
VisualStudioVersion = 16.0.33130.400
MinimumVisualStudioVersion = 10.0.40219.1
Project("{2150E333-8FDC-42A3-9474-1A3956D46DE8}") = "Core", "Core", "{360F4310-3331-4136-83BF-2029ED1F5F17}"
EndProject
Project("{2150E333-8FDC-42A3-9474-1A3956D46DE8}") = "Tests", "Tests", "{45002B51-1A7D-45A9-9575-37EFBCDA2CDB}"
EndProject
Project("{2150E333-8FDC-42A3-9474-1A3956D46DE8}") = "Logging", "Logging", "{196B4173-04FF-4351-9CF2-782A10A47F1F}"
EndProject
Project("{2150E333-8FDC-42A3-9474-1A3956D46DE8}") = "Common", "Common", "{AA16F2A7-BFB7-4DF8-842B-DAF4DD608046}"
EndProject
Project("{2150E333-8FDC-42A3-9474-1A3956D46DE8}") = "Tests", "Tests", "{954F0807-304C-4B13-A33C-EC7DCFA13EB1}"
EndProject
Project("{11A8DD76-328B-46DF-9F39-F559912D0360}") = "Common.Tests", "src\Core\Common\tests\Common.Tests.nfproj", "{65AB2046-94E0-420A-A429-4F6ACFBA8CCA}"
EndProject
Project("{11A8DD76-328B-46DF-9F39-F559912D0360}") = "Hoff.Core.Common", "src\Core\Common\src\Hoff.Core.Common.nfproj", "{4C7BE21A-9657-4766-9B63-D726575E0121}"
EndProject
Project("{11A8DD76-328B-46DF-9F39-F559912D0360}") = "Logging.Tests", "src\Core\Logging\tests\Logging.Tests.nfproj", "{42C2E912-B158-4D19-9F3D-07977ACE9E1C}"
EndProject
Project("{11A8DD76-328B-46DF-9F39-F559912D0360}") = "Hoff.Core.Logging", "src\Core\Logging\src\Hoff.Core.Logging.nfproj", "{25AA1E2C-F7CB-41B4-A6D1-CCBEF181F69B}"
EndProject
Project("{2150E333-8FDC-42A3-9474-1A3956D46DE8}") = "Solution Items", "Solution Items", "{0AA6686B-B2E7-4EEA-BF48-CAF0E7AD47ED}"
	ProjectSection(SolutionItems) = preProject
		.gitignore = .gitignore
		README.md = README.md
	EndProjectSection
EndProject
Project("{2150E333-8FDC-42A3-9474-1A3956D46DE8}") = "IntegrationTests", "IntegrationTests", "{EFE608F2-1788-4B5C-BC40-6F382620B625}"
EndProject
Project("{11A8DD76-328B-46DF-9F39-F559912D0360}") = "Integration.Tests", "src\Core\IntegrationTests\Integration.Tests.nfproj", "{86EA703C-E9B8-4FCC-9AA9-94DC1FB19F57}"
EndProject
Project("{2150E333-8FDC-42A3-9474-1A3956D46DE8}") = "Hardware", "Hardware", "{D68B60AD-7FA0-48AC-BDB8-874A5647F676}"
EndProject
Project("{2150E333-8FDC-42A3-9474-1A3956D46DE8}") = "Displays", "Displays", "{107BAAA4-8F2A-46C1-85E3-E6131759F1CF}"
EndProject
Project("{11A8DD76-328B-46DF-9F39-F559912D0360}") = "Hoff.Hardware.Displays.Common", "src\Core\Hardware\Displays\Common\Hoff.Hardware.Displays.Common.nfproj", "{F9EB47B9-4101-42AE-B568-C4F084103990}"
EndProject
Project("{2150E333-8FDC-42A3-9474-1A3956D46DE8}") = "SSD13", "SSD13", "{12D709CA-02DA-4E1C-A2C3-6EC6EADA0EC0}"
EndProject
Project("{11A8DD76-328B-46DF-9F39-F559912D0360}") = "Hoff.Hardware.Displays.Ssd13", "src\Core\Hardware\Displays\Ssd13\src\Hoff.Hardware.Displays.Ssd13.nfproj", "{55220F8C-1A68-451B-AB8E-8882AC204C82}"
EndProject
Project("{2150E333-8FDC-42A3-9474-1A3956D46DE8}") = "Tests", "Tests", "{D0B953D5-F705-4416-9824-35F040059BE9}"
EndProject
Project("{11A8DD76-328B-46DF-9F39-F559912D0360}") = "Displays.Ssd13.Tests", "src\Core\Hardware\Displays\Ssd13\tests\Displays.Ssd13.Tests.nfproj", "{BCFA4F67-F64D-4B66-A4D9-31A883D67A0B}"
EndProject
Project("{2150E333-8FDC-42A3-9474-1A3956D46DE8}") = "Sensors", "Sensors", "{BD6DD937-2030-4D03-83C5-BE790F5099E2}"
EndProject
Project("{2150E333-8FDC-42A3-9474-1A3956D46DE8}") = "Ambient", "Ambient", "{7670A5E9-C473-4F11-8FD1-9E699A92535D}"
EndProject
Project("{2150E333-8FDC-42A3-9474-1A3956D46DE8}") = "HTUD2X", "HTUD2X", "{B3031763-9ACF-443D-91DE-5CD20FB75D41}"
EndProject
Project("{11A8DD76-328B-46DF-9F39-F559912D0360}") = "Hoff.Hardware.Sensors.Ambient.HTUD2X", "src\Core\Hardware\Sensors\Ambient\HTUD2X\Hoff.Hardware.Sensors.Ambient.HTUD2X.nfproj", "{7560D12F-4485-465D-8ABB-A92F8DE19B0F}"
EndProject
Project("{2150E333-8FDC-42A3-9474-1A3956D46DE8}") = "Controls", "Controls", "{9F5126B0-B4D2-424A-97B0-587801EB7BDC}"
EndProject
Project("{2150E333-8FDC-42A3-9474-1A3956D46DE8}") = "PID", "PID", "{6A9B9917-7133-47E1-95F3-06AA4A7C5B22}"
EndProject
Project("{11A8DD76-328B-46DF-9F39-F559912D0360}") = "Hoff.Controls.PID", "src\Core\Controls\PID\src\Hoff.Controls.PID.nfproj", "{A6B69B9A-01F9-412A-AA53-886EF9E75646}"
EndProject
Project("{2150E333-8FDC-42A3-9474-1A3956D46DE8}") = "Tests", "Tests", "{2FC30DAC-A4E5-414F-A932-4FB9867C2A76}"
EndProject
Project("{11A8DD76-328B-46DF-9F39-F559912D0360}") = "PID.Tests", "src\Core\Controls\PID\tests\PID.Tests.nfproj", "{33E70EA0-2597-41F7-ADA6-B59676E34E4C}"
EndProject
Global
	GlobalSection(SolutionConfigurationPlatforms) = preSolution
		Debug|Any CPU = Debug|Any CPU
		Debug|x64 = Debug|x64
		Debug|x86 = Debug|x86
		Release|Any CPU = Release|Any CPU
		Release|x64 = Release|x64
		Release|x86 = Release|x86
	EndGlobalSection
	GlobalSection(ProjectConfigurationPlatforms) = postSolution
		{65AB2046-94E0-420A-A429-4F6ACFBA8CCA}.Debug|Any CPU.ActiveCfg = Debug|Any CPU
		{65AB2046-94E0-420A-A429-4F6ACFBA8CCA}.Debug|Any CPU.Build.0 = Debug|Any CPU
		{65AB2046-94E0-420A-A429-4F6ACFBA8CCA}.Debug|Any CPU.Deploy.0 = Debug|Any CPU
		{65AB2046-94E0-420A-A429-4F6ACFBA8CCA}.Debug|x64.ActiveCfg = Debug|Any CPU
		{65AB2046-94E0-420A-A429-4F6ACFBA8CCA}.Debug|x64.Build.0 = Debug|Any CPU
		{65AB2046-94E0-420A-A429-4F6ACFBA8CCA}.Debug|x64.Deploy.0 = Debug|Any CPU
		{65AB2046-94E0-420A-A429-4F6ACFBA8CCA}.Debug|x86.ActiveCfg = Debug|Any CPU
		{65AB2046-94E0-420A-A429-4F6ACFBA8CCA}.Debug|x86.Build.0 = Debug|Any CPU
		{65AB2046-94E0-420A-A429-4F6ACFBA8CCA}.Debug|x86.Deploy.0 = Debug|Any CPU
		{65AB2046-94E0-420A-A429-4F6ACFBA8CCA}.Release|Any CPU.ActiveCfg = Release|Any CPU
		{65AB2046-94E0-420A-A429-4F6ACFBA8CCA}.Release|Any CPU.Build.0 = Release|Any CPU
		{65AB2046-94E0-420A-A429-4F6ACFBA8CCA}.Release|Any CPU.Deploy.0 = Release|Any CPU
		{65AB2046-94E0-420A-A429-4F6ACFBA8CCA}.Release|x64.ActiveCfg = Release|Any CPU
		{65AB2046-94E0-420A-A429-4F6ACFBA8CCA}.Release|x64.Build.0 = Release|Any CPU
		{65AB2046-94E0-420A-A429-4F6ACFBA8CCA}.Release|x64.Deploy.0 = Release|Any CPU
		{65AB2046-94E0-420A-A429-4F6ACFBA8CCA}.Release|x86.ActiveCfg = Release|Any CPU
		{65AB2046-94E0-420A-A429-4F6ACFBA8CCA}.Release|x86.Build.0 = Release|Any CPU
		{65AB2046-94E0-420A-A429-4F6ACFBA8CCA}.Release|x86.Deploy.0 = Release|Any CPU
		{4C7BE21A-9657-4766-9B63-D726575E0121}.Debug|Any CPU.ActiveCfg = Debug|Any CPU
		{4C7BE21A-9657-4766-9B63-D726575E0121}.Debug|Any CPU.Build.0 = Debug|Any CPU
		{4C7BE21A-9657-4766-9B63-D726575E0121}.Debug|Any CPU.Deploy.0 = Debug|Any CPU
		{4C7BE21A-9657-4766-9B63-D726575E0121}.Debug|x64.ActiveCfg = Debug|Any CPU
		{4C7BE21A-9657-4766-9B63-D726575E0121}.Debug|x64.Build.0 = Debug|Any CPU
		{4C7BE21A-9657-4766-9B63-D726575E0121}.Debug|x64.Deploy.0 = Debug|Any CPU
		{4C7BE21A-9657-4766-9B63-D726575E0121}.Debug|x86.ActiveCfg = Debug|Any CPU
		{4C7BE21A-9657-4766-9B63-D726575E0121}.Debug|x86.Build.0 = Debug|Any CPU
		{4C7BE21A-9657-4766-9B63-D726575E0121}.Debug|x86.Deploy.0 = Debug|Any CPU
		{4C7BE21A-9657-4766-9B63-D726575E0121}.Release|Any CPU.ActiveCfg = Release|Any CPU
		{4C7BE21A-9657-4766-9B63-D726575E0121}.Release|Any CPU.Build.0 = Release|Any CPU
		{4C7BE21A-9657-4766-9B63-D726575E0121}.Release|Any CPU.Deploy.0 = Release|Any CPU
		{4C7BE21A-9657-4766-9B63-D726575E0121}.Release|x64.ActiveCfg = Release|Any CPU
		{4C7BE21A-9657-4766-9B63-D726575E0121}.Release|x64.Build.0 = Release|Any CPU
		{4C7BE21A-9657-4766-9B63-D726575E0121}.Release|x64.Deploy.0 = Release|Any CPU
		{4C7BE21A-9657-4766-9B63-D726575E0121}.Release|x86.ActiveCfg = Release|Any CPU
		{4C7BE21A-9657-4766-9B63-D726575E0121}.Release|x86.Build.0 = Release|Any CPU
		{4C7BE21A-9657-4766-9B63-D726575E0121}.Release|x86.Deploy.0 = Release|Any CPU
		{42C2E912-B158-4D19-9F3D-07977ACE9E1C}.Debug|Any CPU.ActiveCfg = Debug|Any CPU
		{42C2E912-B158-4D19-9F3D-07977ACE9E1C}.Debug|Any CPU.Build.0 = Debug|Any CPU
		{42C2E912-B158-4D19-9F3D-07977ACE9E1C}.Debug|Any CPU.Deploy.0 = Debug|Any CPU
		{42C2E912-B158-4D19-9F3D-07977ACE9E1C}.Debug|x64.ActiveCfg = Debug|Any CPU
		{42C2E912-B158-4D19-9F3D-07977ACE9E1C}.Debug|x64.Build.0 = Debug|Any CPU
		{42C2E912-B158-4D19-9F3D-07977ACE9E1C}.Debug|x64.Deploy.0 = Debug|Any CPU
		{42C2E912-B158-4D19-9F3D-07977ACE9E1C}.Debug|x86.ActiveCfg = Debug|Any CPU
		{42C2E912-B158-4D19-9F3D-07977ACE9E1C}.Debug|x86.Build.0 = Debug|Any CPU
		{42C2E912-B158-4D19-9F3D-07977ACE9E1C}.Debug|x86.Deploy.0 = Debug|Any CPU
		{42C2E912-B158-4D19-9F3D-07977ACE9E1C}.Release|Any CPU.ActiveCfg = Release|Any CPU
		{42C2E912-B158-4D19-9F3D-07977ACE9E1C}.Release|Any CPU.Build.0 = Release|Any CPU
		{42C2E912-B158-4D19-9F3D-07977ACE9E1C}.Release|Any CPU.Deploy.0 = Release|Any CPU
		{42C2E912-B158-4D19-9F3D-07977ACE9E1C}.Release|x64.ActiveCfg = Release|Any CPU
		{42C2E912-B158-4D19-9F3D-07977ACE9E1C}.Release|x64.Build.0 = Release|Any CPU
		{42C2E912-B158-4D19-9F3D-07977ACE9E1C}.Release|x64.Deploy.0 = Release|Any CPU
		{42C2E912-B158-4D19-9F3D-07977ACE9E1C}.Release|x86.ActiveCfg = Release|Any CPU
		{42C2E912-B158-4D19-9F3D-07977ACE9E1C}.Release|x86.Build.0 = Release|Any CPU
		{42C2E912-B158-4D19-9F3D-07977ACE9E1C}.Release|x86.Deploy.0 = Release|Any CPU
		{25AA1E2C-F7CB-41B4-A6D1-CCBEF181F69B}.Debug|Any CPU.ActiveCfg = Debug|Any CPU
		{25AA1E2C-F7CB-41B4-A6D1-CCBEF181F69B}.Debug|Any CPU.Build.0 = Debug|Any CPU
		{25AA1E2C-F7CB-41B4-A6D1-CCBEF181F69B}.Debug|Any CPU.Deploy.0 = Debug|Any CPU
		{25AA1E2C-F7CB-41B4-A6D1-CCBEF181F69B}.Debug|x64.ActiveCfg = Debug|Any CPU
		{25AA1E2C-F7CB-41B4-A6D1-CCBEF181F69B}.Debug|x64.Build.0 = Debug|Any CPU
		{25AA1E2C-F7CB-41B4-A6D1-CCBEF181F69B}.Debug|x64.Deploy.0 = Debug|Any CPU
		{25AA1E2C-F7CB-41B4-A6D1-CCBEF181F69B}.Debug|x86.ActiveCfg = Debug|Any CPU
		{25AA1E2C-F7CB-41B4-A6D1-CCBEF181F69B}.Debug|x86.Build.0 = Debug|Any CPU
		{25AA1E2C-F7CB-41B4-A6D1-CCBEF181F69B}.Debug|x86.Deploy.0 = Debug|Any CPU
		{25AA1E2C-F7CB-41B4-A6D1-CCBEF181F69B}.Release|Any CPU.ActiveCfg = Release|Any CPU
		{25AA1E2C-F7CB-41B4-A6D1-CCBEF181F69B}.Release|Any CPU.Build.0 = Release|Any CPU
		{25AA1E2C-F7CB-41B4-A6D1-CCBEF181F69B}.Release|Any CPU.Deploy.0 = Release|Any CPU
		{25AA1E2C-F7CB-41B4-A6D1-CCBEF181F69B}.Release|x64.ActiveCfg = Release|Any CPU
		{25AA1E2C-F7CB-41B4-A6D1-CCBEF181F69B}.Release|x64.Build.0 = Release|Any CPU
		{25AA1E2C-F7CB-41B4-A6D1-CCBEF181F69B}.Release|x64.Deploy.0 = Release|Any CPU
		{25AA1E2C-F7CB-41B4-A6D1-CCBEF181F69B}.Release|x86.ActiveCfg = Release|Any CPU
		{25AA1E2C-F7CB-41B4-A6D1-CCBEF181F69B}.Release|x86.Build.0 = Release|Any CPU
		{25AA1E2C-F7CB-41B4-A6D1-CCBEF181F69B}.Release|x86.Deploy.0 = Release|Any CPU
		{86EA703C-E9B8-4FCC-9AA9-94DC1FB19F57}.Debug|Any CPU.ActiveCfg = Debug|Any CPU
		{86EA703C-E9B8-4FCC-9AA9-94DC1FB19F57}.Debug|Any CPU.Build.0 = Debug|Any CPU
		{86EA703C-E9B8-4FCC-9AA9-94DC1FB19F57}.Debug|Any CPU.Deploy.0 = Debug|Any CPU
		{86EA703C-E9B8-4FCC-9AA9-94DC1FB19F57}.Debug|x64.ActiveCfg = Debug|Any CPU
		{86EA703C-E9B8-4FCC-9AA9-94DC1FB19F57}.Debug|x64.Build.0 = Debug|Any CPU
		{86EA703C-E9B8-4FCC-9AA9-94DC1FB19F57}.Debug|x64.Deploy.0 = Debug|Any CPU
		{86EA703C-E9B8-4FCC-9AA9-94DC1FB19F57}.Debug|x86.ActiveCfg = Debug|Any CPU
		{86EA703C-E9B8-4FCC-9AA9-94DC1FB19F57}.Debug|x86.Build.0 = Debug|Any CPU
		{86EA703C-E9B8-4FCC-9AA9-94DC1FB19F57}.Debug|x86.Deploy.0 = Debug|Any CPU
		{86EA703C-E9B8-4FCC-9AA9-94DC1FB19F57}.Release|Any CPU.ActiveCfg = Release|Any CPU
		{86EA703C-E9B8-4FCC-9AA9-94DC1FB19F57}.Release|Any CPU.Build.0 = Release|Any CPU
		{86EA703C-E9B8-4FCC-9AA9-94DC1FB19F57}.Release|Any CPU.Deploy.0 = Release|Any CPU
		{86EA703C-E9B8-4FCC-9AA9-94DC1FB19F57}.Release|x64.ActiveCfg = Release|Any CPU
		{86EA703C-E9B8-4FCC-9AA9-94DC1FB19F57}.Release|x64.Build.0 = Release|Any CPU
		{86EA703C-E9B8-4FCC-9AA9-94DC1FB19F57}.Release|x64.Deploy.0 = Release|Any CPU
		{86EA703C-E9B8-4FCC-9AA9-94DC1FB19F57}.Release|x86.ActiveCfg = Release|Any CPU
		{86EA703C-E9B8-4FCC-9AA9-94DC1FB19F57}.Release|x86.Build.0 = Release|Any CPU
		{86EA703C-E9B8-4FCC-9AA9-94DC1FB19F57}.Release|x86.Deploy.0 = Release|Any CPU
		{F9EB47B9-4101-42AE-B568-C4F084103990}.Debug|Any CPU.ActiveCfg = Debug|Any CPU
		{F9EB47B9-4101-42AE-B568-C4F084103990}.Debug|Any CPU.Build.0 = Debug|Any CPU
		{F9EB47B9-4101-42AE-B568-C4F084103990}.Debug|Any CPU.Deploy.0 = Debug|Any CPU
		{F9EB47B9-4101-42AE-B568-C4F084103990}.Debug|x64.ActiveCfg = Debug|x64
		{F9EB47B9-4101-42AE-B568-C4F084103990}.Debug|x64.Build.0 = Debug|x64
		{F9EB47B9-4101-42AE-B568-C4F084103990}.Debug|x64.Deploy.0 = Debug|x64
		{F9EB47B9-4101-42AE-B568-C4F084103990}.Debug|x86.ActiveCfg = Debug|x86
		{F9EB47B9-4101-42AE-B568-C4F084103990}.Debug|x86.Build.0 = Debug|x86
		{F9EB47B9-4101-42AE-B568-C4F084103990}.Debug|x86.Deploy.0 = Debug|x86
		{F9EB47B9-4101-42AE-B568-C4F084103990}.Release|Any CPU.ActiveCfg = Release|Any CPU
		{F9EB47B9-4101-42AE-B568-C4F084103990}.Release|Any CPU.Build.0 = Release|Any CPU
		{F9EB47B9-4101-42AE-B568-C4F084103990}.Release|Any CPU.Deploy.0 = Release|Any CPU
		{F9EB47B9-4101-42AE-B568-C4F084103990}.Release|x64.ActiveCfg = Release|x64
		{F9EB47B9-4101-42AE-B568-C4F084103990}.Release|x64.Build.0 = Release|x64
		{F9EB47B9-4101-42AE-B568-C4F084103990}.Release|x64.Deploy.0 = Release|x64
		{F9EB47B9-4101-42AE-B568-C4F084103990}.Release|x86.ActiveCfg = Release|x86
		{F9EB47B9-4101-42AE-B568-C4F084103990}.Release|x86.Build.0 = Release|x86
		{F9EB47B9-4101-42AE-B568-C4F084103990}.Release|x86.Deploy.0 = Release|x86
		{55220F8C-1A68-451B-AB8E-8882AC204C82}.Debug|Any CPU.ActiveCfg = Debug|Any CPU
		{55220F8C-1A68-451B-AB8E-8882AC204C82}.Debug|Any CPU.Build.0 = Debug|Any CPU
		{55220F8C-1A68-451B-AB8E-8882AC204C82}.Debug|Any CPU.Deploy.0 = Debug|Any CPU
		{55220F8C-1A68-451B-AB8E-8882AC204C82}.Debug|x64.ActiveCfg = Debug|x64
		{55220F8C-1A68-451B-AB8E-8882AC204C82}.Debug|x64.Build.0 = Debug|x64
		{55220F8C-1A68-451B-AB8E-8882AC204C82}.Debug|x64.Deploy.0 = Debug|x64
		{55220F8C-1A68-451B-AB8E-8882AC204C82}.Debug|x86.ActiveCfg = Debug|x86
		{55220F8C-1A68-451B-AB8E-8882AC204C82}.Debug|x86.Build.0 = Debug|x86
		{55220F8C-1A68-451B-AB8E-8882AC204C82}.Debug|x86.Deploy.0 = Debug|x86
		{55220F8C-1A68-451B-AB8E-8882AC204C82}.Release|Any CPU.ActiveCfg = Release|Any CPU
		{55220F8C-1A68-451B-AB8E-8882AC204C82}.Release|Any CPU.Build.0 = Release|Any CPU
		{55220F8C-1A68-451B-AB8E-8882AC204C82}.Release|Any CPU.Deploy.0 = Release|Any CPU
		{55220F8C-1A68-451B-AB8E-8882AC204C82}.Release|x64.ActiveCfg = Release|x64
		{55220F8C-1A68-451B-AB8E-8882AC204C82}.Release|x64.Build.0 = Release|x64
		{55220F8C-1A68-451B-AB8E-8882AC204C82}.Release|x64.Deploy.0 = Release|x64
		{55220F8C-1A68-451B-AB8E-8882AC204C82}.Release|x86.ActiveCfg = Release|x86
		{55220F8C-1A68-451B-AB8E-8882AC204C82}.Release|x86.Build.0 = Release|x86
		{55220F8C-1A68-451B-AB8E-8882AC204C82}.Release|x86.Deploy.0 = Release|x86
		{BCFA4F67-F64D-4B66-A4D9-31A883D67A0B}.Debug|Any CPU.ActiveCfg = Debug|Any CPU
		{BCFA4F67-F64D-4B66-A4D9-31A883D67A0B}.Debug|Any CPU.Build.0 = Debug|Any CPU
		{BCFA4F67-F64D-4B66-A4D9-31A883D67A0B}.Debug|Any CPU.Deploy.0 = Debug|Any CPU
		{BCFA4F67-F64D-4B66-A4D9-31A883D67A0B}.Debug|x64.ActiveCfg = Debug|x64
		{BCFA4F67-F64D-4B66-A4D9-31A883D67A0B}.Debug|x64.Build.0 = Debug|x64
		{BCFA4F67-F64D-4B66-A4D9-31A883D67A0B}.Debug|x64.Deploy.0 = Debug|x64
		{BCFA4F67-F64D-4B66-A4D9-31A883D67A0B}.Debug|x86.ActiveCfg = Debug|x86
		{BCFA4F67-F64D-4B66-A4D9-31A883D67A0B}.Debug|x86.Build.0 = Debug|x86
		{BCFA4F67-F64D-4B66-A4D9-31A883D67A0B}.Debug|x86.Deploy.0 = Debug|x86
		{BCFA4F67-F64D-4B66-A4D9-31A883D67A0B}.Release|Any CPU.ActiveCfg = Release|Any CPU
		{BCFA4F67-F64D-4B66-A4D9-31A883D67A0B}.Release|Any CPU.Build.0 = Release|Any CPU
		{BCFA4F67-F64D-4B66-A4D9-31A883D67A0B}.Release|Any CPU.Deploy.0 = Release|Any CPU
		{BCFA4F67-F64D-4B66-A4D9-31A883D67A0B}.Release|x64.ActiveCfg = Release|x64
		{BCFA4F67-F64D-4B66-A4D9-31A883D67A0B}.Release|x64.Build.0 = Release|x64
		{BCFA4F67-F64D-4B66-A4D9-31A883D67A0B}.Release|x64.Deploy.0 = Release|x64
		{BCFA4F67-F64D-4B66-A4D9-31A883D67A0B}.Release|x86.ActiveCfg = Release|x86
		{BCFA4F67-F64D-4B66-A4D9-31A883D67A0B}.Release|x86.Build.0 = Release|x86
		{BCFA4F67-F64D-4B66-A4D9-31A883D67A0B}.Release|x86.Deploy.0 = Release|x86
		{7560D12F-4485-465D-8ABB-A92F8DE19B0F}.Debug|Any CPU.ActiveCfg = Debug|Any CPU
		{7560D12F-4485-465D-8ABB-A92F8DE19B0F}.Debug|Any CPU.Build.0 = Debug|Any CPU
		{7560D12F-4485-465D-8ABB-A92F8DE19B0F}.Debug|Any CPU.Deploy.0 = Debug|Any CPU
		{7560D12F-4485-465D-8ABB-A92F8DE19B0F}.Debug|x64.ActiveCfg = Debug|Any CPU
		{7560D12F-4485-465D-8ABB-A92F8DE19B0F}.Debug|x64.Build.0 = Debug|Any CPU
		{7560D12F-4485-465D-8ABB-A92F8DE19B0F}.Debug|x64.Deploy.0 = Debug|Any CPU
		{7560D12F-4485-465D-8ABB-A92F8DE19B0F}.Debug|x86.ActiveCfg = Debug|Any CPU
		{7560D12F-4485-465D-8ABB-A92F8DE19B0F}.Debug|x86.Build.0 = Debug|Any CPU
		{7560D12F-4485-465D-8ABB-A92F8DE19B0F}.Debug|x86.Deploy.0 = Debug|Any CPU
		{7560D12F-4485-465D-8ABB-A92F8DE19B0F}.Release|Any CPU.ActiveCfg = Release|Any CPU
		{7560D12F-4485-465D-8ABB-A92F8DE19B0F}.Release|Any CPU.Build.0 = Release|Any CPU
		{7560D12F-4485-465D-8ABB-A92F8DE19B0F}.Release|Any CPU.Deploy.0 = Release|Any CPU
		{7560D12F-4485-465D-8ABB-A92F8DE19B0F}.Release|x64.ActiveCfg = Release|Any CPU
		{7560D12F-4485-465D-8ABB-A92F8DE19B0F}.Release|x64.Build.0 = Release|Any CPU
		{7560D12F-4485-465D-8ABB-A92F8DE19B0F}.Release|x64.Deploy.0 = Release|Any CPU
		{7560D12F-4485-465D-8ABB-A92F8DE19B0F}.Release|x86.ActiveCfg = Release|Any CPU
		{7560D12F-4485-465D-8ABB-A92F8DE19B0F}.Release|x86.Build.0 = Release|Any CPU
		{7560D12F-4485-465D-8ABB-A92F8DE19B0F}.Release|x86.Deploy.0 = Release|Any CPU
		{A6B69B9A-01F9-412A-AA53-886EF9E75646}.Debug|Any CPU.ActiveCfg = Debug|Any CPU
		{A6B69B9A-01F9-412A-AA53-886EF9E75646}.Debug|Any CPU.Build.0 = Debug|Any CPU
		{A6B69B9A-01F9-412A-AA53-886EF9E75646}.Debug|Any CPU.Deploy.0 = Debug|Any CPU
		{A6B69B9A-01F9-412A-AA53-886EF9E75646}.Debug|x64.ActiveCfg = Debug|Any CPU
		{A6B69B9A-01F9-412A-AA53-886EF9E75646}.Debug|x64.Build.0 = Debug|Any CPU
		{A6B69B9A-01F9-412A-AA53-886EF9E75646}.Debug|x64.Deploy.0 = Debug|Any CPU
		{A6B69B9A-01F9-412A-AA53-886EF9E75646}.Debug|x86.ActiveCfg = Debug|Any CPU
		{A6B69B9A-01F9-412A-AA53-886EF9E75646}.Debug|x86.Build.0 = Debug|Any CPU
		{A6B69B9A-01F9-412A-AA53-886EF9E75646}.Debug|x86.Deploy.0 = Debug|Any CPU
		{A6B69B9A-01F9-412A-AA53-886EF9E75646}.Release|Any CPU.ActiveCfg = Release|Any CPU
		{A6B69B9A-01F9-412A-AA53-886EF9E75646}.Release|Any CPU.Build.0 = Release|Any CPU
		{A6B69B9A-01F9-412A-AA53-886EF9E75646}.Release|Any CPU.Deploy.0 = Release|Any CPU
		{A6B69B9A-01F9-412A-AA53-886EF9E75646}.Release|x64.ActiveCfg = Release|Any CPU
		{A6B69B9A-01F9-412A-AA53-886EF9E75646}.Release|x64.Build.0 = Release|Any CPU
		{A6B69B9A-01F9-412A-AA53-886EF9E75646}.Release|x64.Deploy.0 = Release|Any CPU
		{A6B69B9A-01F9-412A-AA53-886EF9E75646}.Release|x86.ActiveCfg = Release|Any CPU
		{A6B69B9A-01F9-412A-AA53-886EF9E75646}.Release|x86.Build.0 = Release|Any CPU
		{A6B69B9A-01F9-412A-AA53-886EF9E75646}.Release|x86.Deploy.0 = Release|Any CPU
		{33E70EA0-2597-41F7-ADA6-B59676E34E4C}.Debug|Any CPU.ActiveCfg = Debug|Any CPU
		{33E70EA0-2597-41F7-ADA6-B59676E34E4C}.Debug|Any CPU.Build.0 = Debug|Any CPU
		{33E70EA0-2597-41F7-ADA6-B59676E34E4C}.Debug|Any CPU.Deploy.0 = Debug|Any CPU
		{33E70EA0-2597-41F7-ADA6-B59676E34E4C}.Debug|x64.ActiveCfg = Debug|Any CPU
		{33E70EA0-2597-41F7-ADA6-B59676E34E4C}.Debug|x64.Build.0 = Debug|Any CPU
		{33E70EA0-2597-41F7-ADA6-B59676E34E4C}.Debug|x64.Deploy.0 = Debug|Any CPU
		{33E70EA0-2597-41F7-ADA6-B59676E34E4C}.Debug|x86.ActiveCfg = Debug|Any CPU
		{33E70EA0-2597-41F7-ADA6-B59676E34E4C}.Debug|x86.Build.0 = Debug|Any CPU
		{33E70EA0-2597-41F7-ADA6-B59676E34E4C}.Debug|x86.Deploy.0 = Debug|Any CPU
		{33E70EA0-2597-41F7-ADA6-B59676E34E4C}.Release|Any CPU.ActiveCfg = Release|Any CPU
		{33E70EA0-2597-41F7-ADA6-B59676E34E4C}.Release|Any CPU.Build.0 = Release|Any CPU
		{33E70EA0-2597-41F7-ADA6-B59676E34E4C}.Release|Any CPU.Deploy.0 = Release|Any CPU
		{33E70EA0-2597-41F7-ADA6-B59676E34E4C}.Release|x64.ActiveCfg = Release|Any CPU
		{33E70EA0-2597-41F7-ADA6-B59676E34E4C}.Release|x64.Build.0 = Release|Any CPU
		{33E70EA0-2597-41F7-ADA6-B59676E34E4C}.Release|x64.Deploy.0 = Release|Any CPU
		{33E70EA0-2597-41F7-ADA6-B59676E34E4C}.Release|x86.ActiveCfg = Release|Any CPU
		{33E70EA0-2597-41F7-ADA6-B59676E34E4C}.Release|x86.Build.0 = Release|Any CPU
		{33E70EA0-2597-41F7-ADA6-B59676E34E4C}.Release|x86.Deploy.0 = Release|Any CPU
	EndGlobalSection
	GlobalSection(SolutionProperties) = preSolution
		HideSolutionNode = FALSE
	EndGlobalSection
	GlobalSection(NestedProjects) = preSolution
		{45002B51-1A7D-45A9-9575-37EFBCDA2CDB} = {AA16F2A7-BFB7-4DF8-842B-DAF4DD608046}
		{196B4173-04FF-4351-9CF2-782A10A47F1F} = {360F4310-3331-4136-83BF-2029ED1F5F17}
		{AA16F2A7-BFB7-4DF8-842B-DAF4DD608046} = {360F4310-3331-4136-83BF-2029ED1F5F17}
		{954F0807-304C-4B13-A33C-EC7DCFA13EB1} = {196B4173-04FF-4351-9CF2-782A10A47F1F}
		{65AB2046-94E0-420A-A429-4F6ACFBA8CCA} = {45002B51-1A7D-45A9-9575-37EFBCDA2CDB}
		{4C7BE21A-9657-4766-9B63-D726575E0121} = {AA16F2A7-BFB7-4DF8-842B-DAF4DD608046}
		{42C2E912-B158-4D19-9F3D-07977ACE9E1C} = {954F0807-304C-4B13-A33C-EC7DCFA13EB1}
		{25AA1E2C-F7CB-41B4-A6D1-CCBEF181F69B} = {196B4173-04FF-4351-9CF2-782A10A47F1F}
		{EFE608F2-1788-4B5C-BC40-6F382620B625} = {360F4310-3331-4136-83BF-2029ED1F5F17}
		{86EA703C-E9B8-4FCC-9AA9-94DC1FB19F57} = {EFE608F2-1788-4B5C-BC40-6F382620B625}
		{107BAAA4-8F2A-46C1-85E3-E6131759F1CF} = {D68B60AD-7FA0-48AC-BDB8-874A5647F676}
		{F9EB47B9-4101-42AE-B568-C4F084103990} = {107BAAA4-8F2A-46C1-85E3-E6131759F1CF}
		{12D709CA-02DA-4E1C-A2C3-6EC6EADA0EC0} = {107BAAA4-8F2A-46C1-85E3-E6131759F1CF}
		{55220F8C-1A68-451B-AB8E-8882AC204C82} = {12D709CA-02DA-4E1C-A2C3-6EC6EADA0EC0}
		{D0B953D5-F705-4416-9824-35F040059BE9} = {12D709CA-02DA-4E1C-A2C3-6EC6EADA0EC0}
		{BCFA4F67-F64D-4B66-A4D9-31A883D67A0B} = {D0B953D5-F705-4416-9824-35F040059BE9}
		{BD6DD937-2030-4D03-83C5-BE790F5099E2} = {D68B60AD-7FA0-48AC-BDB8-874A5647F676}
		{7670A5E9-C473-4F11-8FD1-9E699A92535D} = {BD6DD937-2030-4D03-83C5-BE790F5099E2}
		{B3031763-9ACF-443D-91DE-5CD20FB75D41} = {7670A5E9-C473-4F11-8FD1-9E699A92535D}
		{7560D12F-4485-465D-8ABB-A92F8DE19B0F} = {B3031763-9ACF-443D-91DE-5CD20FB75D41}
		{9F5126B0-B4D2-424A-97B0-587801EB7BDC} = {360F4310-3331-4136-83BF-2029ED1F5F17}
		{6A9B9917-7133-47E1-95F3-06AA4A7C5B22} = {9F5126B0-B4D2-424A-97B0-587801EB7BDC}
		{A6B69B9A-01F9-412A-AA53-886EF9E75646} = {6A9B9917-7133-47E1-95F3-06AA4A7C5B22}
		{2FC30DAC-A4E5-414F-A932-4FB9867C2A76} = {6A9B9917-7133-47E1-95F3-06AA4A7C5B22}
		{33E70EA0-2597-41F7-ADA6-B59676E34E4C} = {2FC30DAC-A4E5-414F-A932-4FB9867C2A76}
	EndGlobalSection
	GlobalSection(ExtensibilityGlobals) = postSolution
		SolutionGuid = {2853AEF7-AEE4-4C31-8CF4-062690960A05}
	EndGlobalSection
EndGlobal
