
Microsoft Visual Studio Solution File, Format Version 12.00
# Visual Studio Version 16
VisualStudioVersion = 16.0.33130.400
MinimumVisualStudioVersion = 10.0.40219.1
Project("{2150E333-8FDC-42A3-9474-1A3956D46DE8}") = "Core", "Core", "{360F4310-3331-4136-83BF-2029ED1F5F17}"
EndProject
Project("{2150E333-8FDC-42A3-9474-1A3956D46DE8}") = "Tests", "Tests", "{45002B51-1A7D-45A9-9575-37EFBCDA2CDB}"
EndProject
Project("{2150E333-8FDC-42A3-9474-1A3956D46DE8}") = "Logging", "Logging", "{196B4173-04FF-4351-9CF2-782A10A47F1F}"
EndProject
Project("{2150E333-8FDC-42A3-9474-1A3956D46DE8}") = "Common", "Common", "{AA16F2A7-BFB7-4DF8-842B-DAF4DD608046}"
EndProject
Project("{2150E333-8FDC-42A3-9474-1A3956D46DE8}") = "Tests", "Tests", "{954F0807-304C-4B13-A33C-EC7DCFA13EB1}"
EndProject
Project("{11A8DD76-328B-46DF-9F39-F559912D0360}") = "Hoff.Core.Common.Tests", "src\Core\Common\tests\Hoff.Core.Common.Tests.nfproj", "{65AB2046-94E0-420A-A429-4F6ACFBA8CCA}"
EndProject
Project("{11A8DD76-328B-46DF-9F39-F559912D0360}") = "Hoff.Core.Common", "src\Core\Common\src\Hoff.Core.Common.nfproj", "{4C7BE21A-9657-4766-9B63-D726575E0121}"
EndProject
Project("{11A8DD76-328B-46DF-9F39-F559912D0360}") = "Hoff.Core.Logging.Tests", "src\Core\Logging\tests\Hoff.Core.Logging.Tests.nfproj", "{42C2E912-B158-4D19-9F3D-07977ACE9E1C}"
EndProject
Project("{11A8DD76-328B-46DF-9F39-F559912D0360}") = "Hoff.Core.Logging", "src\Core\Logging\src\Hoff.Core.Logging.nfproj", "{25AA1E2C-F7CB-41B4-A6D1-CCBEF181F69B}"
EndProject
Global
	GlobalSection(SolutionConfigurationPlatforms) = preSolution
		Debug|Any CPU = Debug|Any CPU
		Release|Any CPU = Release|Any CPU
	EndGlobalSection
	GlobalSection(ProjectConfigurationPlatforms) = postSolution
		{65AB2046-94E0-420A-A429-4F6ACFBA8CCA}.Debug|Any CPU.ActiveCfg = Debug|Any CPU
		{65AB2046-94E0-420A-A429-4F6ACFBA8CCA}.Debug|Any CPU.Build.0 = Debug|Any CPU
		{65AB2046-94E0-420A-A429-4F6ACFBA8CCA}.Debug|Any CPU.Deploy.0 = Debug|Any CPU
		{65AB2046-94E0-420A-A429-4F6ACFBA8CCA}.Release|Any CPU.ActiveCfg = Release|Any CPU
		{65AB2046-94E0-420A-A429-4F6ACFBA8CCA}.Release|Any CPU.Build.0 = Release|Any CPU
		{65AB2046-94E0-420A-A429-4F6ACFBA8CCA}.Release|Any CPU.Deploy.0 = Release|Any CPU
		{4C7BE21A-9657-4766-9B63-D726575E0121}.Debug|Any CPU.ActiveCfg = Debug|Any CPU
		{4C7BE21A-9657-4766-9B63-D726575E0121}.Debug|Any CPU.Build.0 = Debug|Any CPU
		{4C7BE21A-9657-4766-9B63-D726575E0121}.Debug|Any CPU.Deploy.0 = Debug|Any CPU
		{4C7BE21A-9657-4766-9B63-D726575E0121}.Release|Any CPU.ActiveCfg = Release|Any CPU
		{4C7BE21A-9657-4766-9B63-D726575E0121}.Release|Any CPU.Build.0 = Release|Any CPU
		{4C7BE21A-9657-4766-9B63-D726575E0121}.Release|Any CPU.Deploy.0 = Release|Any CPU
		{42C2E912-B158-4D19-9F3D-07977ACE9E1C}.Debug|Any CPU.ActiveCfg = Debug|Any CPU
		{42C2E912-B158-4D19-9F3D-07977ACE9E1C}.Debug|Any CPU.Build.0 = Debug|Any CPU
		{42C2E912-B158-4D19-9F3D-07977ACE9E1C}.Debug|Any CPU.Deploy.0 = Debug|Any CPU
		{42C2E912-B158-4D19-9F3D-07977ACE9E1C}.Release|Any CPU.ActiveCfg = Release|Any CPU
		{42C2E912-B158-4D19-9F3D-07977ACE9E1C}.Release|Any CPU.Build.0 = Release|Any CPU
		{42C2E912-B158-4D19-9F3D-07977ACE9E1C}.Release|Any CPU.Deploy.0 = Release|Any CPU
		{25AA1E2C-F7CB-41B4-A6D1-CCBEF181F69B}.Debug|Any CPU.ActiveCfg = Debug|Any CPU
		{25AA1E2C-F7CB-41B4-A6D1-CCBEF181F69B}.Debug|Any CPU.Build.0 = Debug|Any CPU
		{25AA1E2C-F7CB-41B4-A6D1-CCBEF181F69B}.Debug|Any CPU.Deploy.0 = Debug|Any CPU
		{25AA1E2C-F7CB-41B4-A6D1-CCBEF181F69B}.Release|Any CPU.ActiveCfg = Release|Any CPU
		{25AA1E2C-F7CB-41B4-A6D1-CCBEF181F69B}.Release|Any CPU.Build.0 = Release|Any CPU
		{25AA1E2C-F7CB-41B4-A6D1-CCBEF181F69B}.Release|Any CPU.Deploy.0 = Release|Any CPU
	EndGlobalSection
	GlobalSection(SolutionProperties) = preSolution
		HideSolutionNode = FALSE
	EndGlobalSection
	GlobalSection(NestedProjects) = preSolution
		{45002B51-1A7D-45A9-9575-37EFBCDA2CDB} = {AA16F2A7-BFB7-4DF8-842B-DAF4DD608046}
		{196B4173-04FF-4351-9CF2-782A10A47F1F} = {360F4310-3331-4136-83BF-2029ED1F5F17}
		{AA16F2A7-BFB7-4DF8-842B-DAF4DD608046} = {360F4310-3331-4136-83BF-2029ED1F5F17}
		{954F0807-304C-4B13-A33C-EC7DCFA13EB1} = {196B4173-04FF-4351-9CF2-782A10A47F1F}
		{65AB2046-94E0-420A-A429-4F6ACFBA8CCA} = {45002B51-1A7D-45A9-9575-37EFBCDA2CDB}
		{4C7BE21A-9657-4766-9B63-D726575E0121} = {AA16F2A7-BFB7-4DF8-842B-DAF4DD608046}
		{42C2E912-B158-4D19-9F3D-07977ACE9E1C} = {954F0807-304C-4B13-A33C-EC7DCFA13EB1}
		{25AA1E2C-F7CB-41B4-A6D1-CCBEF181F69B} = {196B4173-04FF-4351-9CF2-782A10A47F1F}
	EndGlobalSection
	GlobalSection(ExtensibilityGlobals) = postSolution
		SolutionGuid = {2853AEF7-AEE4-4C31-8CF4-062690960A05}
	EndGlobalSection
EndGlobal
