
Microsoft Visual Studio Solution File, Format Version 12.00
# Visual Studio Version 17
VisualStudioVersion = 17.7.34031.279
MinimumVisualStudioVersion = 10.0.40219.1
Project("{2150E333-8FDC-42A3-9474-1A3956D46DE8}") = "Core", "Core", "{360F4310-3331-4136-83BF-2029ED1F5F17}"
EndProject
Project("{2150E333-8FDC-42A3-9474-1A3956D46DE8}") = "Tests", "Tests", "{45002B51-1A7D-45A9-9575-37EFBCDA2CDB}"
EndProject
Project("{2150E333-8FDC-42A3-9474-1A3956D46DE8}") = "Logging", "Logging", "{196B4173-04FF-4351-9CF2-782A10A47F1F}"
EndProject
Project("{2150E333-8FDC-42A3-9474-1A3956D46DE8}") = "Common", "Common", "{AA16F2A7-BFB7-4DF8-842B-DAF4DD608046}"
EndProject
Project("{2150E333-8FDC-42A3-9474-1A3956D46DE8}") = "Tests", "Tests", "{954F0807-304C-4B13-A33C-EC7DCFA13EB1}"
EndProject
Project("{11A8DD76-328B-46DF-9F39-F559912D0360}") = "Hoff.Core.Common.Tests", "src\Core\Common\tests\Hoff.Core.Common.Tests.nfproj", "{65AB2046-94E0-420A-A429-4F6ACFBA8CCA}"
EndProject
Project("{11A8DD76-328B-46DF-9F39-F559912D0360}") = "Hoff.Core.Common", "src\Core\Common\src\Hoff.Core.Common.nfproj", "{4C7BE21A-9657-4766-9B63-D726575E0121}"
EndProject
Project("{11A8DD76-328B-46DF-9F39-F559912D0360}") = "Hoff.Core.Services.Logging.Tests", "src\Core\Logging\tests\Hoff.Core.Services.Logging.Tests.nfproj", "{42C2E912-B158-4D19-9F3D-07977ACE9E1C}"
EndProject
Project("{11A8DD76-328B-46DF-9F39-F559912D0360}") = "Hoff.Core.Services.Logging", "src\Core\Logging\src\Hoff.Core.Services.Logging.nfproj", "{25AA1E2C-F7CB-41B4-A6D1-CCBEF181F69B}"
EndProject
Project("{2150E333-8FDC-42A3-9474-1A3956D46DE8}") = "Solution Items", "Solution Items", "{0AA6686B-B2E7-4EEA-BF48-CAF0E7AD47ED}"
	ProjectSection(SolutionItems) = preProject
		.editorconfig = .editorconfig
		.gitignore = .gitignore
		README.md = README.md
	EndProjectSection
EndProject
Project("{2150E333-8FDC-42A3-9474-1A3956D46DE8}") = "IntegrationTests", "IntegrationTests", "{EFE608F2-1788-4B5C-BC40-6F382620B625}"
EndProject
Project("{11A8DD76-328B-46DF-9F39-F559912D0360}") = "Hoff.Core.IntegrationTests.Integration.Tests", "src\Core\IntegrationTests\Hoff.Core.IntegrationTests.Integration.Tests.nfproj", "{86EA703C-E9B8-4FCC-9AA9-94DC1FB19F57}"
EndProject
Project("{2150E333-8FDC-42A3-9474-1A3956D46DE8}") = "Hardware", "Hardware", "{D68B60AD-7FA0-48AC-BDB8-874A5647F676}"
EndProject
Project("{2150E333-8FDC-42A3-9474-1A3956D46DE8}") = "Displays", "Displays", "{107BAAA4-8F2A-46C1-85E3-E6131759F1CF}"
EndProject
Project("{2150E333-8FDC-42A3-9474-1A3956D46DE8}") = "SSD13", "SSD13", "{12D709CA-02DA-4E1C-A2C3-6EC6EADA0EC0}"
EndProject
Project("{11A8DD76-328B-46DF-9F39-F559912D0360}") = "Hoff.Hardware.Displays.Ssd13", "src\Core\Hardware\Displays\Ssd13\src\Hoff.Hardware.Displays.Ssd13.nfproj", "{55220F8C-1A68-451B-AB8E-8882AC204C82}"
EndProject
Project("{2150E333-8FDC-42A3-9474-1A3956D46DE8}") = "Tests", "Tests", "{D0B953D5-F705-4416-9824-35F040059BE9}"
EndProject
Project("{11A8DD76-328B-46DF-9F39-F559912D0360}") = "Hardware.Displays.Ssd13.RealTests", "src\Core\Hardware\Displays\Ssd13\tests\Hardware.Displays.Ssd13.RealTests.nfproj", "{BCFA4F67-F64D-4B66-A4D9-31A883D67A0B}"
EndProject
Project("{2150E333-8FDC-42A3-9474-1A3956D46DE8}") = "Sensors", "Sensors", "{BD6DD937-2030-4D03-83C5-BE790F5099E2}"
EndProject
Project("{2150E333-8FDC-42A3-9474-1A3956D46DE8}") = "Controls", "Controls", "{9F5126B0-B4D2-424A-97B0-587801EB7BDC}"
EndProject
Project("{2150E333-8FDC-42A3-9474-1A3956D46DE8}") = "PID", "PID", "{6A9B9917-7133-47E1-95F3-06AA4A7C5B22}"
EndProject
Project("{11A8DD76-328B-46DF-9F39-F559912D0360}") = "Hoff.Core.Controls.PID", "src\Core\Controls\PID\src\Hoff.Core.Controls.PID.nfproj", "{A6B69B9A-01F9-412A-AA53-886EF9E75646}"
EndProject
Project("{2150E333-8FDC-42A3-9474-1A3956D46DE8}") = "Tests", "Tests", "{2FC30DAC-A4E5-414F-A932-4FB9867C2A76}"
EndProject
Project("{11A8DD76-328B-46DF-9F39-F559912D0360}") = "Hoff.Core.Controls.PID.RealTests", "src\Core\Controls\PID\tests\Hoff.Core.Controls.PID.RealTests.nfproj", "{33E70EA0-2597-41F7-ADA6-B59676E34E4C}"
EndProject
Project("{2150E333-8FDC-42A3-9474-1A3956D46DE8}") = "Common", "Common", "{387B9E48-16A6-4759-A137-464A9813CA95}"
EndProject
Project("{11A8DD76-328B-46DF-9F39-F559912D0360}") = "Hoff.Core.Hardware.Common", "src\Core\Hardware\Common\Hoff.Hardware.Common\Hoff.Core.Hardware.Common.nfproj", "{2CA9E545-F44C-433D-A78E-D0860548B6C8}"
EndProject
Project("{2150E333-8FDC-42A3-9474-1A3956D46DE8}") = "Tests", "Tests", "{5B509DA1-651E-4D61-9191-04C667E77508}"
EndProject
Project("{11A8DD76-328B-46DF-9F39-F559912D0360}") = "Hoff.Core.Hardware.Common.Tests", "src\Core\Hardware\Common\Hoff.Hardware.Common.Tests\Hoff.Core.Hardware.Common.Tests.nfproj", "{45BE586F-4A61-462F-B260-0CCCC5384E89}"
EndProject
Project("{2150E333-8FDC-42A3-9474-1A3956D46DE8}") = "SoC", "SoC", "{F6C15AD1-5D59-4914-BE43-51FF37879DDC}"
EndProject
Project("{11A8DD76-328B-46DF-9F39-F559912D0360}") = "Hoff.Hardware.Soc.SoCEsp32", "src\Core\Hardware\SoC\Esp32\Hoff.Hardware.Soc.Esp32\Hoff.Hardware.Soc.SoCEsp32.nfproj", "{AF2DE6D5-4634-4732-9DF1-1C776B51774A}"
EndProject
Project("{2150E333-8FDC-42A3-9474-1A3956D46DE8}") = "Tests", "Tests", "{B73B1F35-77F2-4CF6-BFE0-5563D61843AB}"
EndProject
Project("{11A8DD76-328B-46DF-9F39-F559912D0360}") = "SoCEsp32.RealTests", "src\Core\Hardware\SoC\Esp32\Hoff.Hardware.Soc.SoCEsp32.Tests\SoCEsp32.RealTests.nfproj", "{11DF406A-1DBE-448D-9EB8-3BBCB9BC27FC}"
EndProject
Project("{2150E333-8FDC-42A3-9474-1A3956D46DE8}") = "Dht", "Dht", "{E2857DA7-1158-4B28-897E-E2BD099EBD2D}"
EndProject
Project("{2150E333-8FDC-42A3-9474-1A3956D46DE8}") = "Tests", "Tests", "{E7C4CD40-EEFC-4999-A952-3309974A024D}"
EndProject
Project("{2150E333-8FDC-42A3-9474-1A3956D46DE8}") = "Max31865", "Max31865", "{556AEB96-BA8D-4E74-954E-0E31E12ABFE6}"
EndProject
Project("{2150E333-8FDC-42A3-9474-1A3956D46DE8}") = "Tests", "Tests", "{BABF9162-0E52-4ECD-9BB8-93F500D62764}"
EndProject
Project("{11A8DD76-328B-46DF-9F39-F559912D0360}") = "Hoff.Core.Hardware.Sensors.Dht", "src\Core\Hardware\Sensors\Dht\src\Hoff.Core.Hardware.Sensors.Dht.nfproj", "{1360E5AD-3275-406B-B265-8D51C46ADAAB}"
	ProjectSection(ProjectDependencies) = postProject
		{4C7BE21A-9657-4766-9B63-D726575E0121} = {4C7BE21A-9657-4766-9B63-D726575E0121}
		{25AA1E2C-F7CB-41B4-A6D1-CCBEF181F69B} = {25AA1E2C-F7CB-41B4-A6D1-CCBEF181F69B}
	EndProjectSection
EndProject
Project("{11A8DD76-328B-46DF-9F39-F559912D0360}") = "Hardware.Sensors.Dht.Tests", "src\Core\Hardware\Sensors\Dht\tests\Hardware.Sensors.Dht.Tests.nfproj", "{704B9E1D-98A1-465C-9931-6111F43D0F23}"
EndProject
Project("{11A8DD76-328B-46DF-9F39-F559912D0360}") = "Hoff.Core.Hardware.Sensors.Max31865", "src\Core\Hardware\Sensors\Max31865\src\Hoff.Core.Hardware.Sensors.Max31865.nfproj", "{A2326042-7325-45ED-BFBB-BE45E34A1CCD}"
	ProjectSection(ProjectDependencies) = postProject
		{4C7BE21A-9657-4766-9B63-D726575E0121} = {4C7BE21A-9657-4766-9B63-D726575E0121}
		{25AA1E2C-F7CB-41B4-A6D1-CCBEF181F69B} = {25AA1E2C-F7CB-41B4-A6D1-CCBEF181F69B}
	EndProjectSection
EndProject
Project("{11A8DD76-328B-46DF-9F39-F559912D0360}") = "Hardware.Sensors.Max31865.Tests", "src\Core\Hardware\Sensors\Max31865\tests\Hardware.Sensors.Max31865.Tests.nfproj", "{29085240-A7D4-479E-B4EB-29AEA174679E}"
EndProject
Project("{2150E333-8FDC-42A3-9474-1A3956D46DE8}") = "Storage", "Storage", "{C4C77B7E-6A71-46FE-B2BE-837DD720CCBE}"
EndProject
Project("{2150E333-8FDC-42A3-9474-1A3956D46DE8}") = "AT24C", "AT24C", "{2427264D-2668-4916-8ED4-5808B1C7A173}"
EndProject
Project("{2150E333-8FDC-42A3-9474-1A3956D46DE8}") = "Tests", "Tests", "{B9DED54B-05CA-43C6-B0C0-2417AC0B39F9}"
EndProject
Project("{11A8DD76-328B-46DF-9F39-F559912D0360}") = "Hoff.Core.Hardware.Storage.At24", "src\Core\Hardware\Storage\At24\src\Hoff.Core.Hardware.Storage.At24.nfproj", "{77033BF2-0FCC-4766-B289-05E523C5E33D}"
EndProject
Project("{11A8DD76-328B-46DF-9F39-F559912D0360}") = "Hoff.Core.Hardware.Storage.At24.Tests", "src\Core\Hardware\Storage\At24\tests\Hoff.Core.Hardware.Storage.At24.Tests.nfproj", "{BD03ED5A-D362-44CE-B0BD-EB9DF1E8ABA4}"
EndProject
Project("{2150E333-8FDC-42A3-9474-1A3956D46DE8}") = "Mocks", "Mocks", "{214E6127-4156-4AF6-8A47-3E0C63893A89}"
EndProject
Project("{11A8DD76-328B-46DF-9F39-F559912D0360}") = "Hoff.Core.Hardware.Storage.EepromMocks", "src\Core\Hardware\Storage\Mocks\Hoff.Core.Hardware.Storage.EepromMocks\Hoff.Core.Hardware.Storage.EepromMocks.nfproj", "{02D2A8E7-03AA-4CBB-B7EC-FE49907C9AFB}"
EndProject
Project("{2150E333-8FDC-42A3-9474-1A3956D46DE8}") = "Services", "Services", "{ED0D33AF-09C0-4736-AA5D-93D63F5AC260}"
EndProject
Project("{2150E333-8FDC-42A3-9474-1A3956D46DE8}") = "Settings", "Settings", "{96B0696E-DD1C-47E1-AAED-7F791C590725}"
EndProject
Project("{11A8DD76-328B-46DF-9F39-F559912D0360}") = "Hoff.Core.Services.Settings", "src\Core\Services\Settings\Hoff.Core.Services.Settings\Hoff.Core.Services.Settings.nfproj", "{62D803E9-DD2A-4C14-A719-CE62E7D4E52E}"
EndProject
Project("{2150E333-8FDC-42A3-9474-1A3956D46DE8}") = "Tests", "Tests", "{FFBAD0AA-7E7F-4BA6-8383-B8C315F2098D}"
EndProject
Project("{11A8DD76-328B-46DF-9F39-F559912D0360}") = "Hoff.Core.Services.Settings.Tests", "src\Core\Services\Settings\Hoff.Core.Services.Settings.Tests\Hoff.Core.Services.Settings.Tests.nfproj", "{E4A753A2-C92B-4026-BE0C-26180CE3CBF3}"
EndProject
Project("{2150E333-8FDC-42A3-9474-1A3956D46DE8}") = "BME280", "BME280", "{5E1BCA7D-014D-4E10-9DE8-B4675607F62F}"
EndProject
Project("{11A8DD76-328B-46DF-9F39-F559912D0360}") = "Hoff.Core.Hardware.Sensors.BmXX", "src\Core\Hardware\Sensors\BmXX\Hoff.Core.Hardware.Sensors.BmeBmp280\Hoff.Core.Hardware.Sensors.BmXX.nfproj", "{7BD97832-C3DA-4F74-90BD-663958B4C70F}"
	ProjectSection(ProjectDependencies) = postProject
		{4C7BE21A-9657-4766-9B63-D726575E0121} = {4C7BE21A-9657-4766-9B63-D726575E0121}
		{25AA1E2C-F7CB-41B4-A6D1-CCBEF181F69B} = {25AA1E2C-F7CB-41B4-A6D1-CCBEF181F69B}
	EndProjectSection
EndProject
Project("{2150E333-8FDC-42A3-9474-1A3956D46DE8}") = "Tests", "Tests", "{A871784F-B3A0-4F22-9E0F-93FAAE850BA5}"
EndProject
Project("{11A8DD76-328B-46DF-9F39-F559912D0360}") = "Hoff.Core.Hardware.Sensors.BmXX.Tests", "src\Core\Hardware\Sensors\BmXX\Hoff.Core.Hardware.Sensors.BmXX.Tests\Hoff.Core.Hardware.Sensors.BmXX.Tests.nfproj", "{EAE46DB7-12D2-4475-9E57-D4F1AD06D016}"
EndProject
Project("{2150E333-8FDC-42A3-9474-1A3956D46DE8}") = "RTC", "RTC", "{47382374-1099-4C5B-AEED-77CC46637BD7}"
EndProject
Project("{2150E333-8FDC-42A3-9474-1A3956D46DE8}") = "Tests", "Tests", "{E6597718-A063-4E4B-8C32-A95936A3BE02}"
EndProject
Project("{11A8DD76-328B-46DF-9F39-F559912D0360}") = "Hoff.Core.Hardware.Rtc.RtcDevice.Tests", "src\Core\Hardware\Rtc\Hoff.Core.Hardware.RtcDevice.Tests\Hoff.Core.Hardware.Rtc.RtcDevice.Tests.nfproj", "{EE1AEB48-605F-499A-A62F-989C7EC684FB}"
EndProject
Project("{11A8DD76-328B-46DF-9F39-F559912D0360}") = "Hoff.Core.Hardware.Rtc.RtcDevice", "src\Core\Hardware\Rtc\Hoff.Core.Hardware.RtcDevice\Hoff.Core.Hardware.Rtc.RtcDevice.nfproj", "{9032C430-150E-41CE-A76B-A9E272536687}"
EndProject
Project("{2150E333-8FDC-42A3-9474-1A3956D46DE8}") = "Common", "Common", "{F2E45B5B-4841-416E-AAE9-BD158987DC72}"
EndProject
Project("{11A8DD76-328B-46DF-9F39-F559912D0360}") = "Hoff.Core.Hardware.Sensors.Common", "src\Core\Hardware\Sensors\Common\Hoff.Core.Hardware.Sensors.Common\Hoff.Core.Hardware.Sensors.Common.nfproj", "{23C35861-5FC4-4F91-8E11-EF5849AF3B60}"
EndProject
Project("{2150E333-8FDC-42A3-9474-1A3956D46DE8}") = "Server", "Server", "{708518C8-597D-4748-923F-0A4C827240AE}"
EndProject
Project("{11A8DD76-328B-46DF-9F39-F559912D0360}") = "Hoff.Server.Core", "src\Server\Hoff.Server.Core\Hoff.Server.Core.nfproj", "{B4E854FD-D5E7-42B5-AE09-896AE4525AD5}"
EndProject
Project("{11A8DD76-328B-46DF-9F39-F559912D0360}") = "Hoff.Server.Web", "src\Server\Hoff.Server.Web\Hoff.Server.Web.nfproj", "{730C0B91-FB47-48C2-8744-477568A404DE}"
EndProject
Project("{11A8DD76-328B-46DF-9F39-F559912D0360}") = "Hoff.Server.Common", "src\Server\Hoff.Server.Common\Hoff.Server.Common.nfproj", "{E536956E-679F-4719-86C5-524F96488EAB}"
EndProject
Project("{2150E333-8FDC-42A3-9474-1A3956D46DE8}") = "WirelessConfig", "WirelessConfig", "{707A0BE3-8AD2-4BC8-A933-F5CD56D4E3BB}"
EndProject
Project("{11A8DD76-328B-46DF-9F39-F559912D0360}") = "Hoff.Core.Services.WirelessConfig", "src\Core\Services\WirelessConfig\Hoff.Core.Services.WirelessConfig\Hoff.Core.Services.WirelessConfig.nfproj", "{9F6B4D23-BB43-47E7-98D9-59D38D480C84}"
EndProject
Project("{2150E333-8FDC-42A3-9474-1A3956D46DE8}") = "Tests", "Tests", "{5B4BE9D6-FA81-408F-B180-BA662E1F3580}"
EndProject
Project("{11A8DD76-328B-46DF-9F39-F559912D0360}") = "Hoff.Core.Services.WirelessConfig.Tests", "src\Core\Services\WirelessConfig\Hoff.Core.Services.WirelessConfig.Tests\Hoff.Core.Services.WirelessConfig.Tests.nfproj", "{88C73869-27FA-4A38-8E25-1F48788E4D01}"
EndProject
Project("{2150E333-8FDC-42A3-9474-1A3956D46DE8}") = "NVS", "NVS", "{DF588D51-C1FB-4EE0-8833-F0E5D8F45925}"
EndProject
Project("{11A8DD76-328B-46DF-9F39-F559912D0360}") = "Hoff.Core.Hardware.Storage.Nvs", "src\Core\Hardware\Storage\Nvs\Hoff.Core.Hardware.Storage.Nvs\Hoff.Core.Hardware.Storage.Nvs.nfproj", "{34F92306-BFA9-45D2-B519-B9C6F064D077}"
EndProject
Project("{2150E333-8FDC-42A3-9474-1A3956D46DE8}") = "Tests", "Tests", "{C449F3D4-8E83-4713-A528-C7536E9E083F}"
EndProject
Project("{11A8DD76-328B-46DF-9F39-F559912D0360}") = "Hoff.Core.Hardware.Storage.Nvs.Tests", "src\Core\Hardware\Storage\Nvs\Hoff.Core.Hardware.Storage.Nvs.Tests\Hoff.Core.Hardware.Storage.Nvs.Tests.nfproj", "{35D0727B-7B51-4870-8198-D8C267B4AB81}"
EndProject
Project("{11A8DD76-328B-46DF-9F39-F559912D0360}") = "Hoff.Core.Hardware.Common.RealTests", "src\Core\Hardware\Common\Hoff.Core.Hardware.Common.RealTests\Hoff.Core.Hardware.Common.RealTests.nfproj", "{59D7F13F-78B7-4B98-B6AE-3F261838728D}"
EndProject
Global
	GlobalSection(SolutionConfigurationPlatforms) = preSolution
		Debug|Any CPU = Debug|Any CPU
		Debug|netnano1.0 = Debug|netnano1.0
		Debug|x64 = Debug|x64
		Debug|x86 = Debug|x86
		Release|Any CPU = Release|Any CPU
		Release|netnano1.0 = Release|netnano1.0
		Release|x64 = Release|x64
		Release|x86 = Release|x86
	EndGlobalSection
	GlobalSection(ProjectConfigurationPlatforms) = postSolution
		{65AB2046-94E0-420A-A429-4F6ACFBA8CCA}.Debug|Any CPU.ActiveCfg = Debug|Any CPU
		{65AB2046-94E0-420A-A429-4F6ACFBA8CCA}.Debug|Any CPU.Build.0 = Debug|Any CPU
		{65AB2046-94E0-420A-A429-4F6ACFBA8CCA}.Debug|Any CPU.Deploy.0 = Debug|Any CPU
		{65AB2046-94E0-420A-A429-4F6ACFBA8CCA}.Debug|netnano1.0.ActiveCfg = Debug|Any CPU
		{65AB2046-94E0-420A-A429-4F6ACFBA8CCA}.Debug|netnano1.0.Build.0 = Debug|Any CPU
		{65AB2046-94E0-420A-A429-4F6ACFBA8CCA}.Debug|netnano1.0.Deploy.0 = Debug|Any CPU
		{65AB2046-94E0-420A-A429-4F6ACFBA8CCA}.Debug|x64.ActiveCfg = Debug|Any CPU
		{65AB2046-94E0-420A-A429-4F6ACFBA8CCA}.Debug|x64.Build.0 = Debug|Any CPU
		{65AB2046-94E0-420A-A429-4F6ACFBA8CCA}.Debug|x64.Deploy.0 = Debug|Any CPU
		{65AB2046-94E0-420A-A429-4F6ACFBA8CCA}.Debug|x86.ActiveCfg = Debug|Any CPU
		{65AB2046-94E0-420A-A429-4F6ACFBA8CCA}.Debug|x86.Build.0 = Debug|Any CPU
		{65AB2046-94E0-420A-A429-4F6ACFBA8CCA}.Debug|x86.Deploy.0 = Debug|Any CPU
		{65AB2046-94E0-420A-A429-4F6ACFBA8CCA}.Release|Any CPU.ActiveCfg = Release|Any CPU
		{65AB2046-94E0-420A-A429-4F6ACFBA8CCA}.Release|Any CPU.Build.0 = Release|Any CPU
		{65AB2046-94E0-420A-A429-4F6ACFBA8CCA}.Release|netnano1.0.ActiveCfg = Release|Any CPU
		{65AB2046-94E0-420A-A429-4F6ACFBA8CCA}.Release|netnano1.0.Build.0 = Release|Any CPU
		{65AB2046-94E0-420A-A429-4F6ACFBA8CCA}.Release|x64.ActiveCfg = Release|Any CPU
		{65AB2046-94E0-420A-A429-4F6ACFBA8CCA}.Release|x64.Build.0 = Release|Any CPU
		{65AB2046-94E0-420A-A429-4F6ACFBA8CCA}.Release|x64.Deploy.0 = Release|Any CPU
		{65AB2046-94E0-420A-A429-4F6ACFBA8CCA}.Release|x86.ActiveCfg = Release|Any CPU
		{65AB2046-94E0-420A-A429-4F6ACFBA8CCA}.Release|x86.Build.0 = Release|Any CPU
		{65AB2046-94E0-420A-A429-4F6ACFBA8CCA}.Release|x86.Deploy.0 = Release|Any CPU
		{4C7BE21A-9657-4766-9B63-D726575E0121}.Debug|Any CPU.ActiveCfg = Debug|Any CPU
		{4C7BE21A-9657-4766-9B63-D726575E0121}.Debug|Any CPU.Build.0 = Debug|Any CPU
		{4C7BE21A-9657-4766-9B63-D726575E0121}.Debug|Any CPU.Deploy.0 = Debug|Any CPU
		{4C7BE21A-9657-4766-9B63-D726575E0121}.Debug|netnano1.0.ActiveCfg = Debug|Any CPU
		{4C7BE21A-9657-4766-9B63-D726575E0121}.Debug|netnano1.0.Build.0 = Debug|Any CPU
		{4C7BE21A-9657-4766-9B63-D726575E0121}.Debug|netnano1.0.Deploy.0 = Debug|Any CPU
		{4C7BE21A-9657-4766-9B63-D726575E0121}.Debug|x64.ActiveCfg = Debug|Any CPU
		{4C7BE21A-9657-4766-9B63-D726575E0121}.Debug|x64.Build.0 = Debug|Any CPU
		{4C7BE21A-9657-4766-9B63-D726575E0121}.Debug|x64.Deploy.0 = Debug|Any CPU
		{4C7BE21A-9657-4766-9B63-D726575E0121}.Debug|x86.ActiveCfg = Debug|Any CPU
		{4C7BE21A-9657-4766-9B63-D726575E0121}.Debug|x86.Build.0 = Debug|Any CPU
		{4C7BE21A-9657-4766-9B63-D726575E0121}.Debug|x86.Deploy.0 = Debug|Any CPU
		{4C7BE21A-9657-4766-9B63-D726575E0121}.Release|Any CPU.ActiveCfg = Release|Any CPU
		{4C7BE21A-9657-4766-9B63-D726575E0121}.Release|Any CPU.Build.0 = Release|Any CPU
		{4C7BE21A-9657-4766-9B63-D726575E0121}.Release|netnano1.0.ActiveCfg = Release|Any CPU
		{4C7BE21A-9657-4766-9B63-D726575E0121}.Release|netnano1.0.Build.0 = Release|Any CPU
		{4C7BE21A-9657-4766-9B63-D726575E0121}.Release|x64.ActiveCfg = Release|Any CPU
		{4C7BE21A-9657-4766-9B63-D726575E0121}.Release|x64.Build.0 = Release|Any CPU
		{4C7BE21A-9657-4766-9B63-D726575E0121}.Release|x64.Deploy.0 = Release|Any CPU
		{4C7BE21A-9657-4766-9B63-D726575E0121}.Release|x86.ActiveCfg = Release|Any CPU
		{4C7BE21A-9657-4766-9B63-D726575E0121}.Release|x86.Build.0 = Release|Any CPU
		{4C7BE21A-9657-4766-9B63-D726575E0121}.Release|x86.Deploy.0 = Release|Any CPU
		{42C2E912-B158-4D19-9F3D-07977ACE9E1C}.Debug|Any CPU.ActiveCfg = Debug|Any CPU
		{42C2E912-B158-4D19-9F3D-07977ACE9E1C}.Debug|Any CPU.Build.0 = Debug|Any CPU
		{42C2E912-B158-4D19-9F3D-07977ACE9E1C}.Debug|Any CPU.Deploy.0 = Debug|Any CPU
		{42C2E912-B158-4D19-9F3D-07977ACE9E1C}.Debug|netnano1.0.ActiveCfg = Debug|Any CPU
		{42C2E912-B158-4D19-9F3D-07977ACE9E1C}.Debug|netnano1.0.Build.0 = Debug|Any CPU
		{42C2E912-B158-4D19-9F3D-07977ACE9E1C}.Debug|netnano1.0.Deploy.0 = Debug|Any CPU
		{42C2E912-B158-4D19-9F3D-07977ACE9E1C}.Debug|x64.ActiveCfg = Debug|Any CPU
		{42C2E912-B158-4D19-9F3D-07977ACE9E1C}.Debug|x64.Build.0 = Debug|Any CPU
		{42C2E912-B158-4D19-9F3D-07977ACE9E1C}.Debug|x64.Deploy.0 = Debug|Any CPU
		{42C2E912-B158-4D19-9F3D-07977ACE9E1C}.Debug|x86.ActiveCfg = Debug|Any CPU
		{42C2E912-B158-4D19-9F3D-07977ACE9E1C}.Debug|x86.Build.0 = Debug|Any CPU
		{42C2E912-B158-4D19-9F3D-07977ACE9E1C}.Debug|x86.Deploy.0 = Debug|Any CPU
		{42C2E912-B158-4D19-9F3D-07977ACE9E1C}.Release|Any CPU.ActiveCfg = Release|Any CPU
		{42C2E912-B158-4D19-9F3D-07977ACE9E1C}.Release|Any CPU.Build.0 = Release|Any CPU
		{42C2E912-B158-4D19-9F3D-07977ACE9E1C}.Release|netnano1.0.ActiveCfg = Release|Any CPU
		{42C2E912-B158-4D19-9F3D-07977ACE9E1C}.Release|netnano1.0.Build.0 = Release|Any CPU
		{42C2E912-B158-4D19-9F3D-07977ACE9E1C}.Release|x64.ActiveCfg = Release|Any CPU
		{42C2E912-B158-4D19-9F3D-07977ACE9E1C}.Release|x64.Build.0 = Release|Any CPU
		{42C2E912-B158-4D19-9F3D-07977ACE9E1C}.Release|x64.Deploy.0 = Release|Any CPU
		{42C2E912-B158-4D19-9F3D-07977ACE9E1C}.Release|x86.ActiveCfg = Release|Any CPU
		{42C2E912-B158-4D19-9F3D-07977ACE9E1C}.Release|x86.Build.0 = Release|Any CPU
		{42C2E912-B158-4D19-9F3D-07977ACE9E1C}.Release|x86.Deploy.0 = Release|Any CPU
		{25AA1E2C-F7CB-41B4-A6D1-CCBEF181F69B}.Debug|Any CPU.ActiveCfg = Debug|Any CPU
		{25AA1E2C-F7CB-41B4-A6D1-CCBEF181F69B}.Debug|Any CPU.Build.0 = Debug|Any CPU
		{25AA1E2C-F7CB-41B4-A6D1-CCBEF181F69B}.Debug|Any CPU.Deploy.0 = Debug|Any CPU
		{25AA1E2C-F7CB-41B4-A6D1-CCBEF181F69B}.Debug|netnano1.0.ActiveCfg = Debug|Any CPU
		{25AA1E2C-F7CB-41B4-A6D1-CCBEF181F69B}.Debug|netnano1.0.Build.0 = Debug|Any CPU
		{25AA1E2C-F7CB-41B4-A6D1-CCBEF181F69B}.Debug|netnano1.0.Deploy.0 = Debug|Any CPU
		{25AA1E2C-F7CB-41B4-A6D1-CCBEF181F69B}.Debug|x64.ActiveCfg = Debug|Any CPU
		{25AA1E2C-F7CB-41B4-A6D1-CCBEF181F69B}.Debug|x64.Build.0 = Debug|Any CPU
		{25AA1E2C-F7CB-41B4-A6D1-CCBEF181F69B}.Debug|x64.Deploy.0 = Debug|Any CPU
		{25AA1E2C-F7CB-41B4-A6D1-CCBEF181F69B}.Debug|x86.ActiveCfg = Debug|Any CPU
		{25AA1E2C-F7CB-41B4-A6D1-CCBEF181F69B}.Debug|x86.Build.0 = Debug|Any CPU
		{25AA1E2C-F7CB-41B4-A6D1-CCBEF181F69B}.Debug|x86.Deploy.0 = Debug|Any CPU
		{25AA1E2C-F7CB-41B4-A6D1-CCBEF181F69B}.Release|Any CPU.ActiveCfg = Release|Any CPU
		{25AA1E2C-F7CB-41B4-A6D1-CCBEF181F69B}.Release|Any CPU.Build.0 = Release|Any CPU
		{25AA1E2C-F7CB-41B4-A6D1-CCBEF181F69B}.Release|netnano1.0.ActiveCfg = Release|Any CPU
		{25AA1E2C-F7CB-41B4-A6D1-CCBEF181F69B}.Release|netnano1.0.Build.0 = Release|Any CPU
		{25AA1E2C-F7CB-41B4-A6D1-CCBEF181F69B}.Release|x64.ActiveCfg = Release|Any CPU
		{25AA1E2C-F7CB-41B4-A6D1-CCBEF181F69B}.Release|x64.Build.0 = Release|Any CPU
		{25AA1E2C-F7CB-41B4-A6D1-CCBEF181F69B}.Release|x64.Deploy.0 = Release|Any CPU
		{25AA1E2C-F7CB-41B4-A6D1-CCBEF181F69B}.Release|x86.ActiveCfg = Release|Any CPU
		{25AA1E2C-F7CB-41B4-A6D1-CCBEF181F69B}.Release|x86.Build.0 = Release|Any CPU
		{25AA1E2C-F7CB-41B4-A6D1-CCBEF181F69B}.Release|x86.Deploy.0 = Release|Any CPU
		{86EA703C-E9B8-4FCC-9AA9-94DC1FB19F57}.Debug|Any CPU.ActiveCfg = Debug|Any CPU
		{86EA703C-E9B8-4FCC-9AA9-94DC1FB19F57}.Debug|Any CPU.Build.0 = Debug|Any CPU
		{86EA703C-E9B8-4FCC-9AA9-94DC1FB19F57}.Debug|Any CPU.Deploy.0 = Debug|Any CPU
		{86EA703C-E9B8-4FCC-9AA9-94DC1FB19F57}.Debug|netnano1.0.ActiveCfg = Debug|Any CPU
		{86EA703C-E9B8-4FCC-9AA9-94DC1FB19F57}.Debug|netnano1.0.Build.0 = Debug|Any CPU
		{86EA703C-E9B8-4FCC-9AA9-94DC1FB19F57}.Debug|netnano1.0.Deploy.0 = Debug|Any CPU
		{86EA703C-E9B8-4FCC-9AA9-94DC1FB19F57}.Debug|x64.ActiveCfg = Debug|Any CPU
		{86EA703C-E9B8-4FCC-9AA9-94DC1FB19F57}.Debug|x64.Build.0 = Debug|Any CPU
		{86EA703C-E9B8-4FCC-9AA9-94DC1FB19F57}.Debug|x64.Deploy.0 = Debug|Any CPU
		{86EA703C-E9B8-4FCC-9AA9-94DC1FB19F57}.Debug|x86.ActiveCfg = Debug|Any CPU
		{86EA703C-E9B8-4FCC-9AA9-94DC1FB19F57}.Debug|x86.Build.0 = Debug|Any CPU
		{86EA703C-E9B8-4FCC-9AA9-94DC1FB19F57}.Debug|x86.Deploy.0 = Debug|Any CPU
		{86EA703C-E9B8-4FCC-9AA9-94DC1FB19F57}.Release|Any CPU.ActiveCfg = Release|Any CPU
		{86EA703C-E9B8-4FCC-9AA9-94DC1FB19F57}.Release|Any CPU.Build.0 = Release|Any CPU
		{86EA703C-E9B8-4FCC-9AA9-94DC1FB19F57}.Release|netnano1.0.ActiveCfg = Release|Any CPU
		{86EA703C-E9B8-4FCC-9AA9-94DC1FB19F57}.Release|netnano1.0.Build.0 = Release|Any CPU
		{86EA703C-E9B8-4FCC-9AA9-94DC1FB19F57}.Release|x64.ActiveCfg = Release|Any CPU
		{86EA703C-E9B8-4FCC-9AA9-94DC1FB19F57}.Release|x64.Build.0 = Release|Any CPU
		{86EA703C-E9B8-4FCC-9AA9-94DC1FB19F57}.Release|x64.Deploy.0 = Release|Any CPU
		{86EA703C-E9B8-4FCC-9AA9-94DC1FB19F57}.Release|x86.ActiveCfg = Release|Any CPU
		{86EA703C-E9B8-4FCC-9AA9-94DC1FB19F57}.Release|x86.Build.0 = Release|Any CPU
		{86EA703C-E9B8-4FCC-9AA9-94DC1FB19F57}.Release|x86.Deploy.0 = Release|Any CPU
		{55220F8C-1A68-451B-AB8E-8882AC204C82}.Debug|Any CPU.ActiveCfg = Debug|Any CPU
		{55220F8C-1A68-451B-AB8E-8882AC204C82}.Debug|Any CPU.Build.0 = Debug|Any CPU
		{55220F8C-1A68-451B-AB8E-8882AC204C82}.Debug|Any CPU.Deploy.0 = Debug|Any CPU
		{55220F8C-1A68-451B-AB8E-8882AC204C82}.Debug|netnano1.0.ActiveCfg = Debug|Any CPU
		{55220F8C-1A68-451B-AB8E-8882AC204C82}.Debug|netnano1.0.Build.0 = Debug|Any CPU
		{55220F8C-1A68-451B-AB8E-8882AC204C82}.Debug|netnano1.0.Deploy.0 = Debug|Any CPU
		{55220F8C-1A68-451B-AB8E-8882AC204C82}.Debug|x64.ActiveCfg = Debug|x64
		{55220F8C-1A68-451B-AB8E-8882AC204C82}.Debug|x64.Build.0 = Debug|x64
		{55220F8C-1A68-451B-AB8E-8882AC204C82}.Debug|x64.Deploy.0 = Debug|x64
		{55220F8C-1A68-451B-AB8E-8882AC204C82}.Debug|x86.ActiveCfg = Debug|x86
		{55220F8C-1A68-451B-AB8E-8882AC204C82}.Debug|x86.Build.0 = Debug|x86
		{55220F8C-1A68-451B-AB8E-8882AC204C82}.Debug|x86.Deploy.0 = Debug|x86
		{55220F8C-1A68-451B-AB8E-8882AC204C82}.Release|Any CPU.ActiveCfg = Release|Any CPU
		{55220F8C-1A68-451B-AB8E-8882AC204C82}.Release|Any CPU.Build.0 = Release|Any CPU
		{55220F8C-1A68-451B-AB8E-8882AC204C82}.Release|netnano1.0.ActiveCfg = Release|Any CPU
		{55220F8C-1A68-451B-AB8E-8882AC204C82}.Release|netnano1.0.Build.0 = Release|Any CPU
		{55220F8C-1A68-451B-AB8E-8882AC204C82}.Release|x64.ActiveCfg = Release|x64
		{55220F8C-1A68-451B-AB8E-8882AC204C82}.Release|x64.Build.0 = Release|x64
		{55220F8C-1A68-451B-AB8E-8882AC204C82}.Release|x64.Deploy.0 = Release|x64
		{55220F8C-1A68-451B-AB8E-8882AC204C82}.Release|x86.ActiveCfg = Release|x86
		{55220F8C-1A68-451B-AB8E-8882AC204C82}.Release|x86.Build.0 = Release|x86
		{55220F8C-1A68-451B-AB8E-8882AC204C82}.Release|x86.Deploy.0 = Release|x86
		{BCFA4F67-F64D-4B66-A4D9-31A883D67A0B}.Debug|Any CPU.ActiveCfg = Debug|Any CPU
		{BCFA4F67-F64D-4B66-A4D9-31A883D67A0B}.Debug|Any CPU.Build.0 = Debug|Any CPU
		{BCFA4F67-F64D-4B66-A4D9-31A883D67A0B}.Debug|Any CPU.Deploy.0 = Debug|Any CPU
		{BCFA4F67-F64D-4B66-A4D9-31A883D67A0B}.Debug|netnano1.0.ActiveCfg = Debug|Any CPU
		{BCFA4F67-F64D-4B66-A4D9-31A883D67A0B}.Debug|netnano1.0.Build.0 = Debug|Any CPU
		{BCFA4F67-F64D-4B66-A4D9-31A883D67A0B}.Debug|netnano1.0.Deploy.0 = Debug|Any CPU
		{BCFA4F67-F64D-4B66-A4D9-31A883D67A0B}.Debug|x64.ActiveCfg = Debug|x64
		{BCFA4F67-F64D-4B66-A4D9-31A883D67A0B}.Debug|x64.Build.0 = Debug|x64
		{BCFA4F67-F64D-4B66-A4D9-31A883D67A0B}.Debug|x64.Deploy.0 = Debug|x64
		{BCFA4F67-F64D-4B66-A4D9-31A883D67A0B}.Debug|x86.ActiveCfg = Debug|x86
		{BCFA4F67-F64D-4B66-A4D9-31A883D67A0B}.Debug|x86.Build.0 = Debug|x86
		{BCFA4F67-F64D-4B66-A4D9-31A883D67A0B}.Debug|x86.Deploy.0 = Debug|x86
		{BCFA4F67-F64D-4B66-A4D9-31A883D67A0B}.Release|Any CPU.ActiveCfg = Release|Any CPU
		{BCFA4F67-F64D-4B66-A4D9-31A883D67A0B}.Release|Any CPU.Build.0 = Release|Any CPU
		{BCFA4F67-F64D-4B66-A4D9-31A883D67A0B}.Release|netnano1.0.ActiveCfg = Release|Any CPU
		{BCFA4F67-F64D-4B66-A4D9-31A883D67A0B}.Release|netnano1.0.Build.0 = Release|Any CPU
		{BCFA4F67-F64D-4B66-A4D9-31A883D67A0B}.Release|x64.ActiveCfg = Release|x64
		{BCFA4F67-F64D-4B66-A4D9-31A883D67A0B}.Release|x64.Build.0 = Release|x64
		{BCFA4F67-F64D-4B66-A4D9-31A883D67A0B}.Release|x64.Deploy.0 = Release|x64
		{BCFA4F67-F64D-4B66-A4D9-31A883D67A0B}.Release|x86.ActiveCfg = Release|x86
		{BCFA4F67-F64D-4B66-A4D9-31A883D67A0B}.Release|x86.Build.0 = Release|x86
		{BCFA4F67-F64D-4B66-A4D9-31A883D67A0B}.Release|x86.Deploy.0 = Release|x86
		{A6B69B9A-01F9-412A-AA53-886EF9E75646}.Debug|Any CPU.ActiveCfg = Debug|Any CPU
		{A6B69B9A-01F9-412A-AA53-886EF9E75646}.Debug|Any CPU.Build.0 = Debug|Any CPU
		{A6B69B9A-01F9-412A-AA53-886EF9E75646}.Debug|Any CPU.Deploy.0 = Debug|Any CPU
		{A6B69B9A-01F9-412A-AA53-886EF9E75646}.Debug|netnano1.0.ActiveCfg = Debug|Any CPU
		{A6B69B9A-01F9-412A-AA53-886EF9E75646}.Debug|netnano1.0.Build.0 = Debug|Any CPU
		{A6B69B9A-01F9-412A-AA53-886EF9E75646}.Debug|netnano1.0.Deploy.0 = Debug|Any CPU
		{A6B69B9A-01F9-412A-AA53-886EF9E75646}.Debug|x64.ActiveCfg = Debug|Any CPU
		{A6B69B9A-01F9-412A-AA53-886EF9E75646}.Debug|x64.Build.0 = Debug|Any CPU
		{A6B69B9A-01F9-412A-AA53-886EF9E75646}.Debug|x64.Deploy.0 = Debug|Any CPU
		{A6B69B9A-01F9-412A-AA53-886EF9E75646}.Debug|x86.ActiveCfg = Debug|Any CPU
		{A6B69B9A-01F9-412A-AA53-886EF9E75646}.Debug|x86.Build.0 = Debug|Any CPU
		{A6B69B9A-01F9-412A-AA53-886EF9E75646}.Debug|x86.Deploy.0 = Debug|Any CPU
		{A6B69B9A-01F9-412A-AA53-886EF9E75646}.Release|Any CPU.ActiveCfg = Release|Any CPU
		{A6B69B9A-01F9-412A-AA53-886EF9E75646}.Release|Any CPU.Build.0 = Release|Any CPU
		{A6B69B9A-01F9-412A-AA53-886EF9E75646}.Release|netnano1.0.ActiveCfg = Release|Any CPU
		{A6B69B9A-01F9-412A-AA53-886EF9E75646}.Release|netnano1.0.Build.0 = Release|Any CPU
		{A6B69B9A-01F9-412A-AA53-886EF9E75646}.Release|x64.ActiveCfg = Release|Any CPU
		{A6B69B9A-01F9-412A-AA53-886EF9E75646}.Release|x64.Build.0 = Release|Any CPU
		{A6B69B9A-01F9-412A-AA53-886EF9E75646}.Release|x64.Deploy.0 = Release|Any CPU
		{A6B69B9A-01F9-412A-AA53-886EF9E75646}.Release|x86.ActiveCfg = Release|Any CPU
		{A6B69B9A-01F9-412A-AA53-886EF9E75646}.Release|x86.Build.0 = Release|Any CPU
		{A6B69B9A-01F9-412A-AA53-886EF9E75646}.Release|x86.Deploy.0 = Release|Any CPU
		{33E70EA0-2597-41F7-ADA6-B59676E34E4C}.Debug|Any CPU.ActiveCfg = Debug|Any CPU
		{33E70EA0-2597-41F7-ADA6-B59676E34E4C}.Debug|Any CPU.Build.0 = Debug|Any CPU
		{33E70EA0-2597-41F7-ADA6-B59676E34E4C}.Debug|Any CPU.Deploy.0 = Debug|Any CPU
		{33E70EA0-2597-41F7-ADA6-B59676E34E4C}.Debug|netnano1.0.ActiveCfg = Debug|Any CPU
		{33E70EA0-2597-41F7-ADA6-B59676E34E4C}.Debug|netnano1.0.Build.0 = Debug|Any CPU
		{33E70EA0-2597-41F7-ADA6-B59676E34E4C}.Debug|netnano1.0.Deploy.0 = Debug|Any CPU
		{33E70EA0-2597-41F7-ADA6-B59676E34E4C}.Debug|x64.ActiveCfg = Debug|Any CPU
		{33E70EA0-2597-41F7-ADA6-B59676E34E4C}.Debug|x64.Build.0 = Debug|Any CPU
		{33E70EA0-2597-41F7-ADA6-B59676E34E4C}.Debug|x64.Deploy.0 = Debug|Any CPU
		{33E70EA0-2597-41F7-ADA6-B59676E34E4C}.Debug|x86.ActiveCfg = Debug|Any CPU
		{33E70EA0-2597-41F7-ADA6-B59676E34E4C}.Debug|x86.Build.0 = Debug|Any CPU
		{33E70EA0-2597-41F7-ADA6-B59676E34E4C}.Debug|x86.Deploy.0 = Debug|Any CPU
		{33E70EA0-2597-41F7-ADA6-B59676E34E4C}.Release|Any CPU.ActiveCfg = Release|Any CPU
		{33E70EA0-2597-41F7-ADA6-B59676E34E4C}.Release|Any CPU.Build.0 = Release|Any CPU
		{33E70EA0-2597-41F7-ADA6-B59676E34E4C}.Release|netnano1.0.ActiveCfg = Release|Any CPU
		{33E70EA0-2597-41F7-ADA6-B59676E34E4C}.Release|netnano1.0.Build.0 = Release|Any CPU
		{33E70EA0-2597-41F7-ADA6-B59676E34E4C}.Release|x64.ActiveCfg = Release|Any CPU
		{33E70EA0-2597-41F7-ADA6-B59676E34E4C}.Release|x64.Build.0 = Release|Any CPU
		{33E70EA0-2597-41F7-ADA6-B59676E34E4C}.Release|x64.Deploy.0 = Release|Any CPU
		{33E70EA0-2597-41F7-ADA6-B59676E34E4C}.Release|x86.ActiveCfg = Release|Any CPU
		{33E70EA0-2597-41F7-ADA6-B59676E34E4C}.Release|x86.Build.0 = Release|Any CPU
		{33E70EA0-2597-41F7-ADA6-B59676E34E4C}.Release|x86.Deploy.0 = Release|Any CPU
		{2CA9E545-F44C-433D-A78E-D0860548B6C8}.Debug|Any CPU.ActiveCfg = Debug|Any CPU
		{2CA9E545-F44C-433D-A78E-D0860548B6C8}.Debug|Any CPU.Build.0 = Debug|Any CPU
		{2CA9E545-F44C-433D-A78E-D0860548B6C8}.Debug|Any CPU.Deploy.0 = Debug|Any CPU
		{2CA9E545-F44C-433D-A78E-D0860548B6C8}.Debug|netnano1.0.ActiveCfg = Debug|Any CPU
		{2CA9E545-F44C-433D-A78E-D0860548B6C8}.Debug|netnano1.0.Build.0 = Debug|Any CPU
		{2CA9E545-F44C-433D-A78E-D0860548B6C8}.Debug|netnano1.0.Deploy.0 = Debug|Any CPU
		{2CA9E545-F44C-433D-A78E-D0860548B6C8}.Debug|x64.ActiveCfg = Debug|Any CPU
		{2CA9E545-F44C-433D-A78E-D0860548B6C8}.Debug|x64.Build.0 = Debug|Any CPU
		{2CA9E545-F44C-433D-A78E-D0860548B6C8}.Debug|x64.Deploy.0 = Debug|Any CPU
		{2CA9E545-F44C-433D-A78E-D0860548B6C8}.Debug|x86.ActiveCfg = Debug|Any CPU
		{2CA9E545-F44C-433D-A78E-D0860548B6C8}.Debug|x86.Build.0 = Debug|Any CPU
		{2CA9E545-F44C-433D-A78E-D0860548B6C8}.Debug|x86.Deploy.0 = Debug|Any CPU
		{2CA9E545-F44C-433D-A78E-D0860548B6C8}.Release|Any CPU.ActiveCfg = Release|Any CPU
		{2CA9E545-F44C-433D-A78E-D0860548B6C8}.Release|Any CPU.Build.0 = Release|Any CPU
		{2CA9E545-F44C-433D-A78E-D0860548B6C8}.Release|netnano1.0.ActiveCfg = Release|Any CPU
		{2CA9E545-F44C-433D-A78E-D0860548B6C8}.Release|netnano1.0.Build.0 = Release|Any CPU
		{2CA9E545-F44C-433D-A78E-D0860548B6C8}.Release|x64.ActiveCfg = Release|Any CPU
		{2CA9E545-F44C-433D-A78E-D0860548B6C8}.Release|x64.Build.0 = Release|Any CPU
		{2CA9E545-F44C-433D-A78E-D0860548B6C8}.Release|x64.Deploy.0 = Release|Any CPU
		{2CA9E545-F44C-433D-A78E-D0860548B6C8}.Release|x86.ActiveCfg = Release|Any CPU
		{2CA9E545-F44C-433D-A78E-D0860548B6C8}.Release|x86.Build.0 = Release|Any CPU
		{2CA9E545-F44C-433D-A78E-D0860548B6C8}.Release|x86.Deploy.0 = Release|Any CPU
		{45BE586F-4A61-462F-B260-0CCCC5384E89}.Debug|Any CPU.ActiveCfg = Debug|Any CPU
		{45BE586F-4A61-462F-B260-0CCCC5384E89}.Debug|Any CPU.Build.0 = Debug|Any CPU
		{45BE586F-4A61-462F-B260-0CCCC5384E89}.Debug|Any CPU.Deploy.0 = Debug|Any CPU
		{45BE586F-4A61-462F-B260-0CCCC5384E89}.Debug|netnano1.0.ActiveCfg = Debug|Any CPU
		{45BE586F-4A61-462F-B260-0CCCC5384E89}.Debug|netnano1.0.Build.0 = Debug|Any CPU
		{45BE586F-4A61-462F-B260-0CCCC5384E89}.Debug|netnano1.0.Deploy.0 = Debug|Any CPU
		{45BE586F-4A61-462F-B260-0CCCC5384E89}.Debug|x64.ActiveCfg = Debug|Any CPU
		{45BE586F-4A61-462F-B260-0CCCC5384E89}.Debug|x64.Build.0 = Debug|Any CPU
		{45BE586F-4A61-462F-B260-0CCCC5384E89}.Debug|x64.Deploy.0 = Debug|Any CPU
		{45BE586F-4A61-462F-B260-0CCCC5384E89}.Debug|x86.ActiveCfg = Debug|Any CPU
		{45BE586F-4A61-462F-B260-0CCCC5384E89}.Debug|x86.Build.0 = Debug|Any CPU
		{45BE586F-4A61-462F-B260-0CCCC5384E89}.Debug|x86.Deploy.0 = Debug|Any CPU
		{45BE586F-4A61-462F-B260-0CCCC5384E89}.Release|Any CPU.ActiveCfg = Release|Any CPU
		{45BE586F-4A61-462F-B260-0CCCC5384E89}.Release|Any CPU.Build.0 = Release|Any CPU
		{45BE586F-4A61-462F-B260-0CCCC5384E89}.Release|netnano1.0.ActiveCfg = Release|Any CPU
		{45BE586F-4A61-462F-B260-0CCCC5384E89}.Release|netnano1.0.Build.0 = Release|Any CPU
		{45BE586F-4A61-462F-B260-0CCCC5384E89}.Release|x64.ActiveCfg = Release|Any CPU
		{45BE586F-4A61-462F-B260-0CCCC5384E89}.Release|x64.Build.0 = Release|Any CPU
		{45BE586F-4A61-462F-B260-0CCCC5384E89}.Release|x64.Deploy.0 = Release|Any CPU
		{45BE586F-4A61-462F-B260-0CCCC5384E89}.Release|x86.ActiveCfg = Release|Any CPU
		{45BE586F-4A61-462F-B260-0CCCC5384E89}.Release|x86.Build.0 = Release|Any CPU
		{45BE586F-4A61-462F-B260-0CCCC5384E89}.Release|x86.Deploy.0 = Release|Any CPU
		{AF2DE6D5-4634-4732-9DF1-1C776B51774A}.Debug|Any CPU.ActiveCfg = Debug|Any CPU
		{AF2DE6D5-4634-4732-9DF1-1C776B51774A}.Debug|Any CPU.Build.0 = Debug|Any CPU
		{AF2DE6D5-4634-4732-9DF1-1C776B51774A}.Debug|Any CPU.Deploy.0 = Debug|Any CPU
		{AF2DE6D5-4634-4732-9DF1-1C776B51774A}.Debug|netnano1.0.ActiveCfg = Debug|Any CPU
		{AF2DE6D5-4634-4732-9DF1-1C776B51774A}.Debug|netnano1.0.Build.0 = Debug|Any CPU
		{AF2DE6D5-4634-4732-9DF1-1C776B51774A}.Debug|netnano1.0.Deploy.0 = Debug|Any CPU
		{AF2DE6D5-4634-4732-9DF1-1C776B51774A}.Debug|x64.ActiveCfg = Debug|Any CPU
		{AF2DE6D5-4634-4732-9DF1-1C776B51774A}.Debug|x64.Build.0 = Debug|Any CPU
		{AF2DE6D5-4634-4732-9DF1-1C776B51774A}.Debug|x64.Deploy.0 = Debug|Any CPU
		{AF2DE6D5-4634-4732-9DF1-1C776B51774A}.Debug|x86.ActiveCfg = Debug|Any CPU
		{AF2DE6D5-4634-4732-9DF1-1C776B51774A}.Debug|x86.Build.0 = Debug|Any CPU
		{AF2DE6D5-4634-4732-9DF1-1C776B51774A}.Debug|x86.Deploy.0 = Debug|Any CPU
		{AF2DE6D5-4634-4732-9DF1-1C776B51774A}.Release|Any CPU.ActiveCfg = Release|Any CPU
		{AF2DE6D5-4634-4732-9DF1-1C776B51774A}.Release|Any CPU.Build.0 = Release|Any CPU
		{AF2DE6D5-4634-4732-9DF1-1C776B51774A}.Release|netnano1.0.ActiveCfg = Release|Any CPU
		{AF2DE6D5-4634-4732-9DF1-1C776B51774A}.Release|netnano1.0.Build.0 = Release|Any CPU
		{AF2DE6D5-4634-4732-9DF1-1C776B51774A}.Release|x64.ActiveCfg = Release|Any CPU
		{AF2DE6D5-4634-4732-9DF1-1C776B51774A}.Release|x64.Build.0 = Release|Any CPU
		{AF2DE6D5-4634-4732-9DF1-1C776B51774A}.Release|x64.Deploy.0 = Release|Any CPU
		{AF2DE6D5-4634-4732-9DF1-1C776B51774A}.Release|x86.ActiveCfg = Release|Any CPU
		{AF2DE6D5-4634-4732-9DF1-1C776B51774A}.Release|x86.Build.0 = Release|Any CPU
		{AF2DE6D5-4634-4732-9DF1-1C776B51774A}.Release|x86.Deploy.0 = Release|Any CPU
		{11DF406A-1DBE-448D-9EB8-3BBCB9BC27FC}.Debug|Any CPU.ActiveCfg = Debug|Any CPU
		{11DF406A-1DBE-448D-9EB8-3BBCB9BC27FC}.Debug|Any CPU.Build.0 = Debug|Any CPU
		{11DF406A-1DBE-448D-9EB8-3BBCB9BC27FC}.Debug|Any CPU.Deploy.0 = Debug|Any CPU
		{11DF406A-1DBE-448D-9EB8-3BBCB9BC27FC}.Debug|netnano1.0.ActiveCfg = Debug|Any CPU
		{11DF406A-1DBE-448D-9EB8-3BBCB9BC27FC}.Debug|netnano1.0.Build.0 = Debug|Any CPU
		{11DF406A-1DBE-448D-9EB8-3BBCB9BC27FC}.Debug|netnano1.0.Deploy.0 = Debug|Any CPU
		{11DF406A-1DBE-448D-9EB8-3BBCB9BC27FC}.Debug|x64.ActiveCfg = Debug|Any CPU
		{11DF406A-1DBE-448D-9EB8-3BBCB9BC27FC}.Debug|x64.Build.0 = Debug|Any CPU
		{11DF406A-1DBE-448D-9EB8-3BBCB9BC27FC}.Debug|x64.Deploy.0 = Debug|Any CPU
		{11DF406A-1DBE-448D-9EB8-3BBCB9BC27FC}.Debug|x86.ActiveCfg = Debug|Any CPU
		{11DF406A-1DBE-448D-9EB8-3BBCB9BC27FC}.Debug|x86.Build.0 = Debug|Any CPU
		{11DF406A-1DBE-448D-9EB8-3BBCB9BC27FC}.Debug|x86.Deploy.0 = Debug|Any CPU
		{11DF406A-1DBE-448D-9EB8-3BBCB9BC27FC}.Release|Any CPU.ActiveCfg = Release|Any CPU
		{11DF406A-1DBE-448D-9EB8-3BBCB9BC27FC}.Release|Any CPU.Build.0 = Release|Any CPU
		{11DF406A-1DBE-448D-9EB8-3BBCB9BC27FC}.Release|Any CPU.Deploy.0 = Release|Any CPU
		{11DF406A-1DBE-448D-9EB8-3BBCB9BC27FC}.Release|netnano1.0.ActiveCfg = Release|Any CPU
		{11DF406A-1DBE-448D-9EB8-3BBCB9BC27FC}.Release|netnano1.0.Build.0 = Release|Any CPU
		{11DF406A-1DBE-448D-9EB8-3BBCB9BC27FC}.Release|netnano1.0.Deploy.0 = Release|Any CPU
		{11DF406A-1DBE-448D-9EB8-3BBCB9BC27FC}.Release|x64.ActiveCfg = Release|Any CPU
		{11DF406A-1DBE-448D-9EB8-3BBCB9BC27FC}.Release|x64.Build.0 = Release|Any CPU
		{11DF406A-1DBE-448D-9EB8-3BBCB9BC27FC}.Release|x64.Deploy.0 = Release|Any CPU
		{11DF406A-1DBE-448D-9EB8-3BBCB9BC27FC}.Release|x86.ActiveCfg = Release|Any CPU
		{11DF406A-1DBE-448D-9EB8-3BBCB9BC27FC}.Release|x86.Build.0 = Release|Any CPU
		{11DF406A-1DBE-448D-9EB8-3BBCB9BC27FC}.Release|x86.Deploy.0 = Release|Any CPU
		{1360E5AD-3275-406B-B265-8D51C46ADAAB}.Debug|Any CPU.ActiveCfg = Debug|Any CPU
		{1360E5AD-3275-406B-B265-8D51C46ADAAB}.Debug|Any CPU.Build.0 = Debug|Any CPU
		{1360E5AD-3275-406B-B265-8D51C46ADAAB}.Debug|Any CPU.Deploy.0 = Debug|Any CPU
		{1360E5AD-3275-406B-B265-8D51C46ADAAB}.Debug|netnano1.0.ActiveCfg = Debug|Any CPU
		{1360E5AD-3275-406B-B265-8D51C46ADAAB}.Debug|netnano1.0.Build.0 = Debug|Any CPU
		{1360E5AD-3275-406B-B265-8D51C46ADAAB}.Debug|netnano1.0.Deploy.0 = Debug|Any CPU
		{1360E5AD-3275-406B-B265-8D51C46ADAAB}.Debug|x64.ActiveCfg = Debug|Any CPU
		{1360E5AD-3275-406B-B265-8D51C46ADAAB}.Debug|x64.Build.0 = Debug|Any CPU
		{1360E5AD-3275-406B-B265-8D51C46ADAAB}.Debug|x64.Deploy.0 = Debug|Any CPU
		{1360E5AD-3275-406B-B265-8D51C46ADAAB}.Debug|x86.ActiveCfg = Debug|Any CPU
		{1360E5AD-3275-406B-B265-8D51C46ADAAB}.Debug|x86.Build.0 = Debug|Any CPU
		{1360E5AD-3275-406B-B265-8D51C46ADAAB}.Debug|x86.Deploy.0 = Debug|Any CPU
		{1360E5AD-3275-406B-B265-8D51C46ADAAB}.Release|Any CPU.ActiveCfg = Release|Any CPU
		{1360E5AD-3275-406B-B265-8D51C46ADAAB}.Release|Any CPU.Build.0 = Release|Any CPU
		{1360E5AD-3275-406B-B265-8D51C46ADAAB}.Release|netnano1.0.ActiveCfg = Release|Any CPU
		{1360E5AD-3275-406B-B265-8D51C46ADAAB}.Release|netnano1.0.Build.0 = Release|Any CPU
		{1360E5AD-3275-406B-B265-8D51C46ADAAB}.Release|x64.ActiveCfg = Release|Any CPU
		{1360E5AD-3275-406B-B265-8D51C46ADAAB}.Release|x64.Build.0 = Release|Any CPU
		{1360E5AD-3275-406B-B265-8D51C46ADAAB}.Release|x64.Deploy.0 = Release|Any CPU
		{1360E5AD-3275-406B-B265-8D51C46ADAAB}.Release|x86.ActiveCfg = Release|Any CPU
		{1360E5AD-3275-406B-B265-8D51C46ADAAB}.Release|x86.Build.0 = Release|Any CPU
		{1360E5AD-3275-406B-B265-8D51C46ADAAB}.Release|x86.Deploy.0 = Release|Any CPU
		{704B9E1D-98A1-465C-9931-6111F43D0F23}.Debug|Any CPU.ActiveCfg = Debug|Any CPU
		{704B9E1D-98A1-465C-9931-6111F43D0F23}.Debug|Any CPU.Build.0 = Debug|Any CPU
		{704B9E1D-98A1-465C-9931-6111F43D0F23}.Debug|Any CPU.Deploy.0 = Debug|Any CPU
		{704B9E1D-98A1-465C-9931-6111F43D0F23}.Debug|netnano1.0.ActiveCfg = Debug|Any CPU
		{704B9E1D-98A1-465C-9931-6111F43D0F23}.Debug|netnano1.0.Build.0 = Debug|Any CPU
		{704B9E1D-98A1-465C-9931-6111F43D0F23}.Debug|netnano1.0.Deploy.0 = Debug|Any CPU
		{704B9E1D-98A1-465C-9931-6111F43D0F23}.Debug|x64.ActiveCfg = Debug|Any CPU
		{704B9E1D-98A1-465C-9931-6111F43D0F23}.Debug|x64.Build.0 = Debug|Any CPU
		{704B9E1D-98A1-465C-9931-6111F43D0F23}.Debug|x64.Deploy.0 = Debug|Any CPU
		{704B9E1D-98A1-465C-9931-6111F43D0F23}.Debug|x86.ActiveCfg = Debug|Any CPU
		{704B9E1D-98A1-465C-9931-6111F43D0F23}.Debug|x86.Build.0 = Debug|Any CPU
		{704B9E1D-98A1-465C-9931-6111F43D0F23}.Debug|x86.Deploy.0 = Debug|Any CPU
		{704B9E1D-98A1-465C-9931-6111F43D0F23}.Release|Any CPU.ActiveCfg = Release|Any CPU
		{704B9E1D-98A1-465C-9931-6111F43D0F23}.Release|Any CPU.Build.0 = Release|Any CPU
		{704B9E1D-98A1-465C-9931-6111F43D0F23}.Release|netnano1.0.ActiveCfg = Release|Any CPU
		{704B9E1D-98A1-465C-9931-6111F43D0F23}.Release|netnano1.0.Build.0 = Release|Any CPU
		{704B9E1D-98A1-465C-9931-6111F43D0F23}.Release|x64.ActiveCfg = Release|Any CPU
		{704B9E1D-98A1-465C-9931-6111F43D0F23}.Release|x64.Build.0 = Release|Any CPU
		{704B9E1D-98A1-465C-9931-6111F43D0F23}.Release|x64.Deploy.0 = Release|Any CPU
		{704B9E1D-98A1-465C-9931-6111F43D0F23}.Release|x86.ActiveCfg = Release|Any CPU
		{704B9E1D-98A1-465C-9931-6111F43D0F23}.Release|x86.Build.0 = Release|Any CPU
		{704B9E1D-98A1-465C-9931-6111F43D0F23}.Release|x86.Deploy.0 = Release|Any CPU
		{A2326042-7325-45ED-BFBB-BE45E34A1CCD}.Debug|Any CPU.ActiveCfg = Debug|Any CPU
		{A2326042-7325-45ED-BFBB-BE45E34A1CCD}.Debug|Any CPU.Build.0 = Debug|Any CPU
		{A2326042-7325-45ED-BFBB-BE45E34A1CCD}.Debug|Any CPU.Deploy.0 = Debug|Any CPU
		{A2326042-7325-45ED-BFBB-BE45E34A1CCD}.Debug|netnano1.0.ActiveCfg = Debug|Any CPU
		{A2326042-7325-45ED-BFBB-BE45E34A1CCD}.Debug|netnano1.0.Build.0 = Debug|Any CPU
		{A2326042-7325-45ED-BFBB-BE45E34A1CCD}.Debug|netnano1.0.Deploy.0 = Debug|Any CPU
		{A2326042-7325-45ED-BFBB-BE45E34A1CCD}.Debug|x64.ActiveCfg = Debug|Any CPU
		{A2326042-7325-45ED-BFBB-BE45E34A1CCD}.Debug|x64.Build.0 = Debug|Any CPU
		{A2326042-7325-45ED-BFBB-BE45E34A1CCD}.Debug|x64.Deploy.0 = Debug|Any CPU
		{A2326042-7325-45ED-BFBB-BE45E34A1CCD}.Debug|x86.ActiveCfg = Debug|Any CPU
		{A2326042-7325-45ED-BFBB-BE45E34A1CCD}.Debug|x86.Build.0 = Debug|Any CPU
		{A2326042-7325-45ED-BFBB-BE45E34A1CCD}.Debug|x86.Deploy.0 = Debug|Any CPU
		{A2326042-7325-45ED-BFBB-BE45E34A1CCD}.Release|Any CPU.ActiveCfg = Release|Any CPU
		{A2326042-7325-45ED-BFBB-BE45E34A1CCD}.Release|Any CPU.Build.0 = Release|Any CPU
		{A2326042-7325-45ED-BFBB-BE45E34A1CCD}.Release|netnano1.0.ActiveCfg = Release|Any CPU
		{A2326042-7325-45ED-BFBB-BE45E34A1CCD}.Release|netnano1.0.Build.0 = Release|Any CPU
		{A2326042-7325-45ED-BFBB-BE45E34A1CCD}.Release|x64.ActiveCfg = Release|Any CPU
		{A2326042-7325-45ED-BFBB-BE45E34A1CCD}.Release|x64.Build.0 = Release|Any CPU
		{A2326042-7325-45ED-BFBB-BE45E34A1CCD}.Release|x64.Deploy.0 = Release|Any CPU
		{A2326042-7325-45ED-BFBB-BE45E34A1CCD}.Release|x86.ActiveCfg = Release|Any CPU
		{A2326042-7325-45ED-BFBB-BE45E34A1CCD}.Release|x86.Build.0 = Release|Any CPU
		{A2326042-7325-45ED-BFBB-BE45E34A1CCD}.Release|x86.Deploy.0 = Release|Any CPU
		{29085240-A7D4-479E-B4EB-29AEA174679E}.Debug|Any CPU.ActiveCfg = Debug|Any CPU
		{29085240-A7D4-479E-B4EB-29AEA174679E}.Debug|Any CPU.Build.0 = Debug|Any CPU
		{29085240-A7D4-479E-B4EB-29AEA174679E}.Debug|Any CPU.Deploy.0 = Debug|Any CPU
		{29085240-A7D4-479E-B4EB-29AEA174679E}.Debug|netnano1.0.ActiveCfg = Debug|Any CPU
		{29085240-A7D4-479E-B4EB-29AEA174679E}.Debug|netnano1.0.Build.0 = Debug|Any CPU
		{29085240-A7D4-479E-B4EB-29AEA174679E}.Debug|netnano1.0.Deploy.0 = Debug|Any CPU
		{29085240-A7D4-479E-B4EB-29AEA174679E}.Debug|x64.ActiveCfg = Debug|Any CPU
		{29085240-A7D4-479E-B4EB-29AEA174679E}.Debug|x64.Build.0 = Debug|Any CPU
		{29085240-A7D4-479E-B4EB-29AEA174679E}.Debug|x64.Deploy.0 = Debug|Any CPU
		{29085240-A7D4-479E-B4EB-29AEA174679E}.Debug|x86.ActiveCfg = Debug|Any CPU
		{29085240-A7D4-479E-B4EB-29AEA174679E}.Debug|x86.Build.0 = Debug|Any CPU
		{29085240-A7D4-479E-B4EB-29AEA174679E}.Debug|x86.Deploy.0 = Debug|Any CPU
		{29085240-A7D4-479E-B4EB-29AEA174679E}.Release|Any CPU.ActiveCfg = Release|Any CPU
		{29085240-A7D4-479E-B4EB-29AEA174679E}.Release|Any CPU.Build.0 = Release|Any CPU
		{29085240-A7D4-479E-B4EB-29AEA174679E}.Release|netnano1.0.ActiveCfg = Release|Any CPU
		{29085240-A7D4-479E-B4EB-29AEA174679E}.Release|netnano1.0.Build.0 = Release|Any CPU
		{29085240-A7D4-479E-B4EB-29AEA174679E}.Release|x64.ActiveCfg = Release|Any CPU
		{29085240-A7D4-479E-B4EB-29AEA174679E}.Release|x64.Build.0 = Release|Any CPU
		{29085240-A7D4-479E-B4EB-29AEA174679E}.Release|x64.Deploy.0 = Release|Any CPU
		{29085240-A7D4-479E-B4EB-29AEA174679E}.Release|x86.ActiveCfg = Release|Any CPU
		{29085240-A7D4-479E-B4EB-29AEA174679E}.Release|x86.Build.0 = Release|Any CPU
		{29085240-A7D4-479E-B4EB-29AEA174679E}.Release|x86.Deploy.0 = Release|Any CPU
		{77033BF2-0FCC-4766-B289-05E523C5E33D}.Debug|Any CPU.ActiveCfg = Debug|Any CPU
		{77033BF2-0FCC-4766-B289-05E523C5E33D}.Debug|Any CPU.Build.0 = Debug|Any CPU
		{77033BF2-0FCC-4766-B289-05E523C5E33D}.Debug|Any CPU.Deploy.0 = Debug|Any CPU
		{77033BF2-0FCC-4766-B289-05E523C5E33D}.Debug|netnano1.0.ActiveCfg = Debug|Any CPU
		{77033BF2-0FCC-4766-B289-05E523C5E33D}.Debug|netnano1.0.Build.0 = Debug|Any CPU
		{77033BF2-0FCC-4766-B289-05E523C5E33D}.Debug|netnano1.0.Deploy.0 = Debug|Any CPU
		{77033BF2-0FCC-4766-B289-05E523C5E33D}.Debug|x64.ActiveCfg = Debug|Any CPU
		{77033BF2-0FCC-4766-B289-05E523C5E33D}.Debug|x64.Build.0 = Debug|Any CPU
		{77033BF2-0FCC-4766-B289-05E523C5E33D}.Debug|x64.Deploy.0 = Debug|Any CPU
		{77033BF2-0FCC-4766-B289-05E523C5E33D}.Debug|x86.ActiveCfg = Debug|Any CPU
		{77033BF2-0FCC-4766-B289-05E523C5E33D}.Debug|x86.Build.0 = Debug|Any CPU
		{77033BF2-0FCC-4766-B289-05E523C5E33D}.Debug|x86.Deploy.0 = Debug|Any CPU
		{77033BF2-0FCC-4766-B289-05E523C5E33D}.Release|Any CPU.ActiveCfg = Release|Any CPU
		{77033BF2-0FCC-4766-B289-05E523C5E33D}.Release|Any CPU.Build.0 = Release|Any CPU
		{77033BF2-0FCC-4766-B289-05E523C5E33D}.Release|netnano1.0.ActiveCfg = Release|Any CPU
		{77033BF2-0FCC-4766-B289-05E523C5E33D}.Release|netnano1.0.Build.0 = Release|Any CPU
		{77033BF2-0FCC-4766-B289-05E523C5E33D}.Release|x64.ActiveCfg = Release|Any CPU
		{77033BF2-0FCC-4766-B289-05E523C5E33D}.Release|x64.Build.0 = Release|Any CPU
		{77033BF2-0FCC-4766-B289-05E523C5E33D}.Release|x64.Deploy.0 = Release|Any CPU
		{77033BF2-0FCC-4766-B289-05E523C5E33D}.Release|x86.ActiveCfg = Release|Any CPU
		{77033BF2-0FCC-4766-B289-05E523C5E33D}.Release|x86.Build.0 = Release|Any CPU
		{77033BF2-0FCC-4766-B289-05E523C5E33D}.Release|x86.Deploy.0 = Release|Any CPU
		{BD03ED5A-D362-44CE-B0BD-EB9DF1E8ABA4}.Debug|Any CPU.ActiveCfg = Debug|Any CPU
		{BD03ED5A-D362-44CE-B0BD-EB9DF1E8ABA4}.Debug|Any CPU.Build.0 = Debug|Any CPU
		{BD03ED5A-D362-44CE-B0BD-EB9DF1E8ABA4}.Debug|Any CPU.Deploy.0 = Debug|Any CPU
		{BD03ED5A-D362-44CE-B0BD-EB9DF1E8ABA4}.Debug|netnano1.0.ActiveCfg = Debug|Any CPU
		{BD03ED5A-D362-44CE-B0BD-EB9DF1E8ABA4}.Debug|netnano1.0.Build.0 = Debug|Any CPU
		{BD03ED5A-D362-44CE-B0BD-EB9DF1E8ABA4}.Debug|netnano1.0.Deploy.0 = Debug|Any CPU
		{BD03ED5A-D362-44CE-B0BD-EB9DF1E8ABA4}.Debug|x64.ActiveCfg = Debug|Any CPU
		{BD03ED5A-D362-44CE-B0BD-EB9DF1E8ABA4}.Debug|x64.Build.0 = Debug|Any CPU
		{BD03ED5A-D362-44CE-B0BD-EB9DF1E8ABA4}.Debug|x64.Deploy.0 = Debug|Any CPU
		{BD03ED5A-D362-44CE-B0BD-EB9DF1E8ABA4}.Debug|x86.ActiveCfg = Debug|Any CPU
		{BD03ED5A-D362-44CE-B0BD-EB9DF1E8ABA4}.Debug|x86.Build.0 = Debug|Any CPU
		{BD03ED5A-D362-44CE-B0BD-EB9DF1E8ABA4}.Debug|x86.Deploy.0 = Debug|Any CPU
		{BD03ED5A-D362-44CE-B0BD-EB9DF1E8ABA4}.Release|Any CPU.ActiveCfg = Release|Any CPU
		{BD03ED5A-D362-44CE-B0BD-EB9DF1E8ABA4}.Release|Any CPU.Build.0 = Release|Any CPU
		{BD03ED5A-D362-44CE-B0BD-EB9DF1E8ABA4}.Release|netnano1.0.ActiveCfg = Release|Any CPU
		{BD03ED5A-D362-44CE-B0BD-EB9DF1E8ABA4}.Release|netnano1.0.Build.0 = Release|Any CPU
		{BD03ED5A-D362-44CE-B0BD-EB9DF1E8ABA4}.Release|x64.ActiveCfg = Release|Any CPU
		{BD03ED5A-D362-44CE-B0BD-EB9DF1E8ABA4}.Release|x64.Build.0 = Release|Any CPU
		{BD03ED5A-D362-44CE-B0BD-EB9DF1E8ABA4}.Release|x64.Deploy.0 = Release|Any CPU
		{BD03ED5A-D362-44CE-B0BD-EB9DF1E8ABA4}.Release|x86.ActiveCfg = Release|Any CPU
		{BD03ED5A-D362-44CE-B0BD-EB9DF1E8ABA4}.Release|x86.Build.0 = Release|Any CPU
		{BD03ED5A-D362-44CE-B0BD-EB9DF1E8ABA4}.Release|x86.Deploy.0 = Release|Any CPU
		{02D2A8E7-03AA-4CBB-B7EC-FE49907C9AFB}.Debug|Any CPU.ActiveCfg = Debug|Any CPU
		{02D2A8E7-03AA-4CBB-B7EC-FE49907C9AFB}.Debug|Any CPU.Build.0 = Debug|Any CPU
		{02D2A8E7-03AA-4CBB-B7EC-FE49907C9AFB}.Debug|Any CPU.Deploy.0 = Debug|Any CPU
		{02D2A8E7-03AA-4CBB-B7EC-FE49907C9AFB}.Debug|netnano1.0.ActiveCfg = Debug|Any CPU
		{02D2A8E7-03AA-4CBB-B7EC-FE49907C9AFB}.Debug|netnano1.0.Build.0 = Debug|Any CPU
		{02D2A8E7-03AA-4CBB-B7EC-FE49907C9AFB}.Debug|netnano1.0.Deploy.0 = Debug|Any CPU
		{02D2A8E7-03AA-4CBB-B7EC-FE49907C9AFB}.Debug|x64.ActiveCfg = Debug|Any CPU
		{02D2A8E7-03AA-4CBB-B7EC-FE49907C9AFB}.Debug|x64.Build.0 = Debug|Any CPU
		{02D2A8E7-03AA-4CBB-B7EC-FE49907C9AFB}.Debug|x64.Deploy.0 = Debug|Any CPU
		{02D2A8E7-03AA-4CBB-B7EC-FE49907C9AFB}.Debug|x86.ActiveCfg = Debug|Any CPU
		{02D2A8E7-03AA-4CBB-B7EC-FE49907C9AFB}.Debug|x86.Build.0 = Debug|Any CPU
		{02D2A8E7-03AA-4CBB-B7EC-FE49907C9AFB}.Debug|x86.Deploy.0 = Debug|Any CPU
		{02D2A8E7-03AA-4CBB-B7EC-FE49907C9AFB}.Release|Any CPU.ActiveCfg = Release|Any CPU
		{02D2A8E7-03AA-4CBB-B7EC-FE49907C9AFB}.Release|Any CPU.Build.0 = Release|Any CPU
		{02D2A8E7-03AA-4CBB-B7EC-FE49907C9AFB}.Release|netnano1.0.ActiveCfg = Release|Any CPU
		{02D2A8E7-03AA-4CBB-B7EC-FE49907C9AFB}.Release|netnano1.0.Build.0 = Release|Any CPU
		{02D2A8E7-03AA-4CBB-B7EC-FE49907C9AFB}.Release|x64.ActiveCfg = Release|Any CPU
		{02D2A8E7-03AA-4CBB-B7EC-FE49907C9AFB}.Release|x64.Build.0 = Release|Any CPU
		{02D2A8E7-03AA-4CBB-B7EC-FE49907C9AFB}.Release|x64.Deploy.0 = Release|Any CPU
		{02D2A8E7-03AA-4CBB-B7EC-FE49907C9AFB}.Release|x86.ActiveCfg = Release|Any CPU
		{02D2A8E7-03AA-4CBB-B7EC-FE49907C9AFB}.Release|x86.Build.0 = Release|Any CPU
		{02D2A8E7-03AA-4CBB-B7EC-FE49907C9AFB}.Release|x86.Deploy.0 = Release|Any CPU
		{62D803E9-DD2A-4C14-A719-CE62E7D4E52E}.Debug|Any CPU.ActiveCfg = Debug|Any CPU
		{62D803E9-DD2A-4C14-A719-CE62E7D4E52E}.Debug|Any CPU.Build.0 = Debug|Any CPU
		{62D803E9-DD2A-4C14-A719-CE62E7D4E52E}.Debug|Any CPU.Deploy.0 = Debug|Any CPU
		{62D803E9-DD2A-4C14-A719-CE62E7D4E52E}.Debug|netnano1.0.ActiveCfg = Debug|Any CPU
		{62D803E9-DD2A-4C14-A719-CE62E7D4E52E}.Debug|netnano1.0.Build.0 = Debug|Any CPU
		{62D803E9-DD2A-4C14-A719-CE62E7D4E52E}.Debug|netnano1.0.Deploy.0 = Debug|Any CPU
		{62D803E9-DD2A-4C14-A719-CE62E7D4E52E}.Debug|x64.ActiveCfg = Debug|Any CPU
		{62D803E9-DD2A-4C14-A719-CE62E7D4E52E}.Debug|x64.Build.0 = Debug|Any CPU
		{62D803E9-DD2A-4C14-A719-CE62E7D4E52E}.Debug|x64.Deploy.0 = Debug|Any CPU
		{62D803E9-DD2A-4C14-A719-CE62E7D4E52E}.Debug|x86.ActiveCfg = Debug|Any CPU
		{62D803E9-DD2A-4C14-A719-CE62E7D4E52E}.Debug|x86.Build.0 = Debug|Any CPU
		{62D803E9-DD2A-4C14-A719-CE62E7D4E52E}.Debug|x86.Deploy.0 = Debug|Any CPU
		{62D803E9-DD2A-4C14-A719-CE62E7D4E52E}.Release|Any CPU.ActiveCfg = Release|Any CPU
		{62D803E9-DD2A-4C14-A719-CE62E7D4E52E}.Release|Any CPU.Build.0 = Release|Any CPU
		{62D803E9-DD2A-4C14-A719-CE62E7D4E52E}.Release|netnano1.0.ActiveCfg = Release|Any CPU
		{62D803E9-DD2A-4C14-A719-CE62E7D4E52E}.Release|netnano1.0.Build.0 = Release|Any CPU
		{62D803E9-DD2A-4C14-A719-CE62E7D4E52E}.Release|x64.ActiveCfg = Release|Any CPU
		{62D803E9-DD2A-4C14-A719-CE62E7D4E52E}.Release|x64.Build.0 = Release|Any CPU
		{62D803E9-DD2A-4C14-A719-CE62E7D4E52E}.Release|x64.Deploy.0 = Release|Any CPU
		{62D803E9-DD2A-4C14-A719-CE62E7D4E52E}.Release|x86.ActiveCfg = Release|Any CPU
		{62D803E9-DD2A-4C14-A719-CE62E7D4E52E}.Release|x86.Build.0 = Release|Any CPU
		{62D803E9-DD2A-4C14-A719-CE62E7D4E52E}.Release|x86.Deploy.0 = Release|Any CPU
		{E4A753A2-C92B-4026-BE0C-26180CE3CBF3}.Debug|Any CPU.ActiveCfg = Debug|Any CPU
		{E4A753A2-C92B-4026-BE0C-26180CE3CBF3}.Debug|Any CPU.Build.0 = Debug|Any CPU
		{E4A753A2-C92B-4026-BE0C-26180CE3CBF3}.Debug|Any CPU.Deploy.0 = Debug|Any CPU
		{E4A753A2-C92B-4026-BE0C-26180CE3CBF3}.Debug|netnano1.0.ActiveCfg = Debug|Any CPU
		{E4A753A2-C92B-4026-BE0C-26180CE3CBF3}.Debug|netnano1.0.Build.0 = Debug|Any CPU
		{E4A753A2-C92B-4026-BE0C-26180CE3CBF3}.Debug|netnano1.0.Deploy.0 = Debug|Any CPU
		{E4A753A2-C92B-4026-BE0C-26180CE3CBF3}.Debug|x64.ActiveCfg = Debug|Any CPU
		{E4A753A2-C92B-4026-BE0C-26180CE3CBF3}.Debug|x64.Build.0 = Debug|Any CPU
		{E4A753A2-C92B-4026-BE0C-26180CE3CBF3}.Debug|x64.Deploy.0 = Debug|Any CPU
		{E4A753A2-C92B-4026-BE0C-26180CE3CBF3}.Debug|x86.ActiveCfg = Debug|Any CPU
		{E4A753A2-C92B-4026-BE0C-26180CE3CBF3}.Debug|x86.Build.0 = Debug|Any CPU
		{E4A753A2-C92B-4026-BE0C-26180CE3CBF3}.Debug|x86.Deploy.0 = Debug|Any CPU
		{E4A753A2-C92B-4026-BE0C-26180CE3CBF3}.Release|Any CPU.ActiveCfg = Release|Any CPU
		{E4A753A2-C92B-4026-BE0C-26180CE3CBF3}.Release|Any CPU.Build.0 = Release|Any CPU
		{E4A753A2-C92B-4026-BE0C-26180CE3CBF3}.Release|netnano1.0.ActiveCfg = Release|Any CPU
		{E4A753A2-C92B-4026-BE0C-26180CE3CBF3}.Release|netnano1.0.Build.0 = Release|Any CPU
		{E4A753A2-C92B-4026-BE0C-26180CE3CBF3}.Release|x64.ActiveCfg = Release|Any CPU
		{E4A753A2-C92B-4026-BE0C-26180CE3CBF3}.Release|x64.Build.0 = Release|Any CPU
		{E4A753A2-C92B-4026-BE0C-26180CE3CBF3}.Release|x64.Deploy.0 = Release|Any CPU
		{E4A753A2-C92B-4026-BE0C-26180CE3CBF3}.Release|x86.ActiveCfg = Release|Any CPU
		{E4A753A2-C92B-4026-BE0C-26180CE3CBF3}.Release|x86.Build.0 = Release|Any CPU
		{E4A753A2-C92B-4026-BE0C-26180CE3CBF3}.Release|x86.Deploy.0 = Release|Any CPU
		{7BD97832-C3DA-4F74-90BD-663958B4C70F}.Debug|Any CPU.ActiveCfg = Debug|Any CPU
		{7BD97832-C3DA-4F74-90BD-663958B4C70F}.Debug|Any CPU.Build.0 = Debug|Any CPU
		{7BD97832-C3DA-4F74-90BD-663958B4C70F}.Debug|Any CPU.Deploy.0 = Debug|Any CPU
		{7BD97832-C3DA-4F74-90BD-663958B4C70F}.Debug|netnano1.0.ActiveCfg = Debug|Any CPU
		{7BD97832-C3DA-4F74-90BD-663958B4C70F}.Debug|netnano1.0.Build.0 = Debug|Any CPU
		{7BD97832-C3DA-4F74-90BD-663958B4C70F}.Debug|netnano1.0.Deploy.0 = Debug|Any CPU
		{7BD97832-C3DA-4F74-90BD-663958B4C70F}.Debug|x64.ActiveCfg = Debug|Any CPU
		{7BD97832-C3DA-4F74-90BD-663958B4C70F}.Debug|x64.Build.0 = Debug|Any CPU
		{7BD97832-C3DA-4F74-90BD-663958B4C70F}.Debug|x64.Deploy.0 = Debug|Any CPU
		{7BD97832-C3DA-4F74-90BD-663958B4C70F}.Debug|x86.ActiveCfg = Debug|Any CPU
		{7BD97832-C3DA-4F74-90BD-663958B4C70F}.Debug|x86.Build.0 = Debug|Any CPU
		{7BD97832-C3DA-4F74-90BD-663958B4C70F}.Debug|x86.Deploy.0 = Debug|Any CPU
		{7BD97832-C3DA-4F74-90BD-663958B4C70F}.Release|Any CPU.ActiveCfg = Release|Any CPU
		{7BD97832-C3DA-4F74-90BD-663958B4C70F}.Release|Any CPU.Build.0 = Release|Any CPU
		{7BD97832-C3DA-4F74-90BD-663958B4C70F}.Release|netnano1.0.ActiveCfg = Release|Any CPU
		{7BD97832-C3DA-4F74-90BD-663958B4C70F}.Release|netnano1.0.Build.0 = Release|Any CPU
		{7BD97832-C3DA-4F74-90BD-663958B4C70F}.Release|x64.ActiveCfg = Release|Any CPU
		{7BD97832-C3DA-4F74-90BD-663958B4C70F}.Release|x64.Build.0 = Release|Any CPU
		{7BD97832-C3DA-4F74-90BD-663958B4C70F}.Release|x64.Deploy.0 = Release|Any CPU
		{7BD97832-C3DA-4F74-90BD-663958B4C70F}.Release|x86.ActiveCfg = Release|Any CPU
		{7BD97832-C3DA-4F74-90BD-663958B4C70F}.Release|x86.Build.0 = Release|Any CPU
		{7BD97832-C3DA-4F74-90BD-663958B4C70F}.Release|x86.Deploy.0 = Release|Any CPU
		{EAE46DB7-12D2-4475-9E57-D4F1AD06D016}.Debug|Any CPU.ActiveCfg = Debug|Any CPU
		{EAE46DB7-12D2-4475-9E57-D4F1AD06D016}.Debug|Any CPU.Build.0 = Debug|Any CPU
		{EAE46DB7-12D2-4475-9E57-D4F1AD06D016}.Debug|Any CPU.Deploy.0 = Debug|Any CPU
		{EAE46DB7-12D2-4475-9E57-D4F1AD06D016}.Debug|netnano1.0.ActiveCfg = Debug|Any CPU
		{EAE46DB7-12D2-4475-9E57-D4F1AD06D016}.Debug|netnano1.0.Build.0 = Debug|Any CPU
		{EAE46DB7-12D2-4475-9E57-D4F1AD06D016}.Debug|netnano1.0.Deploy.0 = Debug|Any CPU
		{EAE46DB7-12D2-4475-9E57-D4F1AD06D016}.Debug|x64.ActiveCfg = Debug|Any CPU
		{EAE46DB7-12D2-4475-9E57-D4F1AD06D016}.Debug|x64.Build.0 = Debug|Any CPU
		{EAE46DB7-12D2-4475-9E57-D4F1AD06D016}.Debug|x64.Deploy.0 = Debug|Any CPU
		{EAE46DB7-12D2-4475-9E57-D4F1AD06D016}.Debug|x86.ActiveCfg = Debug|Any CPU
		{EAE46DB7-12D2-4475-9E57-D4F1AD06D016}.Debug|x86.Build.0 = Debug|Any CPU
		{EAE46DB7-12D2-4475-9E57-D4F1AD06D016}.Debug|x86.Deploy.0 = Debug|Any CPU
		{EAE46DB7-12D2-4475-9E57-D4F1AD06D016}.Release|Any CPU.ActiveCfg = Release|Any CPU
		{EAE46DB7-12D2-4475-9E57-D4F1AD06D016}.Release|Any CPU.Build.0 = Release|Any CPU
		{EAE46DB7-12D2-4475-9E57-D4F1AD06D016}.Release|netnano1.0.ActiveCfg = Release|Any CPU
		{EAE46DB7-12D2-4475-9E57-D4F1AD06D016}.Release|netnano1.0.Build.0 = Release|Any CPU
		{EAE46DB7-12D2-4475-9E57-D4F1AD06D016}.Release|x64.ActiveCfg = Release|Any CPU
		{EAE46DB7-12D2-4475-9E57-D4F1AD06D016}.Release|x64.Build.0 = Release|Any CPU
		{EAE46DB7-12D2-4475-9E57-D4F1AD06D016}.Release|x64.Deploy.0 = Release|Any CPU
		{EAE46DB7-12D2-4475-9E57-D4F1AD06D016}.Release|x86.ActiveCfg = Release|Any CPU
		{EAE46DB7-12D2-4475-9E57-D4F1AD06D016}.Release|x86.Build.0 = Release|Any CPU
		{EAE46DB7-12D2-4475-9E57-D4F1AD06D016}.Release|x86.Deploy.0 = Release|Any CPU
		{EE1AEB48-605F-499A-A62F-989C7EC684FB}.Debug|Any CPU.ActiveCfg = Debug|Any CPU
		{EE1AEB48-605F-499A-A62F-989C7EC684FB}.Debug|Any CPU.Build.0 = Debug|Any CPU
		{EE1AEB48-605F-499A-A62F-989C7EC684FB}.Debug|Any CPU.Deploy.0 = Debug|Any CPU
		{EE1AEB48-605F-499A-A62F-989C7EC684FB}.Debug|netnano1.0.ActiveCfg = Debug|Any CPU
		{EE1AEB48-605F-499A-A62F-989C7EC684FB}.Debug|netnano1.0.Build.0 = Debug|Any CPU
		{EE1AEB48-605F-499A-A62F-989C7EC684FB}.Debug|netnano1.0.Deploy.0 = Debug|Any CPU
		{EE1AEB48-605F-499A-A62F-989C7EC684FB}.Debug|x64.ActiveCfg = Debug|Any CPU
		{EE1AEB48-605F-499A-A62F-989C7EC684FB}.Debug|x64.Build.0 = Debug|Any CPU
		{EE1AEB48-605F-499A-A62F-989C7EC684FB}.Debug|x64.Deploy.0 = Debug|Any CPU
		{EE1AEB48-605F-499A-A62F-989C7EC684FB}.Debug|x86.ActiveCfg = Debug|Any CPU
		{EE1AEB48-605F-499A-A62F-989C7EC684FB}.Debug|x86.Build.0 = Debug|Any CPU
		{EE1AEB48-605F-499A-A62F-989C7EC684FB}.Debug|x86.Deploy.0 = Debug|Any CPU
		{EE1AEB48-605F-499A-A62F-989C7EC684FB}.Release|Any CPU.ActiveCfg = Release|Any CPU
		{EE1AEB48-605F-499A-A62F-989C7EC684FB}.Release|Any CPU.Build.0 = Release|Any CPU
		{EE1AEB48-605F-499A-A62F-989C7EC684FB}.Release|netnano1.0.ActiveCfg = Release|Any CPU
		{EE1AEB48-605F-499A-A62F-989C7EC684FB}.Release|netnano1.0.Build.0 = Release|Any CPU
		{EE1AEB48-605F-499A-A62F-989C7EC684FB}.Release|x64.ActiveCfg = Release|Any CPU
		{EE1AEB48-605F-499A-A62F-989C7EC684FB}.Release|x64.Build.0 = Release|Any CPU
		{EE1AEB48-605F-499A-A62F-989C7EC684FB}.Release|x64.Deploy.0 = Release|Any CPU
		{EE1AEB48-605F-499A-A62F-989C7EC684FB}.Release|x86.ActiveCfg = Release|Any CPU
		{EE1AEB48-605F-499A-A62F-989C7EC684FB}.Release|x86.Build.0 = Release|Any CPU
		{EE1AEB48-605F-499A-A62F-989C7EC684FB}.Release|x86.Deploy.0 = Release|Any CPU
		{9032C430-150E-41CE-A76B-A9E272536687}.Debug|Any CPU.ActiveCfg = Debug|Any CPU
		{9032C430-150E-41CE-A76B-A9E272536687}.Debug|Any CPU.Build.0 = Debug|Any CPU
		{9032C430-150E-41CE-A76B-A9E272536687}.Debug|Any CPU.Deploy.0 = Debug|Any CPU
		{9032C430-150E-41CE-A76B-A9E272536687}.Debug|netnano1.0.ActiveCfg = Debug|Any CPU
		{9032C430-150E-41CE-A76B-A9E272536687}.Debug|netnano1.0.Build.0 = Debug|Any CPU
		{9032C430-150E-41CE-A76B-A9E272536687}.Debug|netnano1.0.Deploy.0 = Debug|Any CPU
		{9032C430-150E-41CE-A76B-A9E272536687}.Debug|x64.ActiveCfg = Debug|Any CPU
		{9032C430-150E-41CE-A76B-A9E272536687}.Debug|x64.Build.0 = Debug|Any CPU
		{9032C430-150E-41CE-A76B-A9E272536687}.Debug|x64.Deploy.0 = Debug|Any CPU
		{9032C430-150E-41CE-A76B-A9E272536687}.Debug|x86.ActiveCfg = Debug|Any CPU
		{9032C430-150E-41CE-A76B-A9E272536687}.Debug|x86.Build.0 = Debug|Any CPU
		{9032C430-150E-41CE-A76B-A9E272536687}.Debug|x86.Deploy.0 = Debug|Any CPU
		{9032C430-150E-41CE-A76B-A9E272536687}.Release|Any CPU.ActiveCfg = Release|Any CPU
		{9032C430-150E-41CE-A76B-A9E272536687}.Release|Any CPU.Build.0 = Release|Any CPU
		{9032C430-150E-41CE-A76B-A9E272536687}.Release|netnano1.0.ActiveCfg = Release|Any CPU
		{9032C430-150E-41CE-A76B-A9E272536687}.Release|netnano1.0.Build.0 = Release|Any CPU
		{9032C430-150E-41CE-A76B-A9E272536687}.Release|x64.ActiveCfg = Release|Any CPU
		{9032C430-150E-41CE-A76B-A9E272536687}.Release|x64.Build.0 = Release|Any CPU
		{9032C430-150E-41CE-A76B-A9E272536687}.Release|x64.Deploy.0 = Release|Any CPU
		{9032C430-150E-41CE-A76B-A9E272536687}.Release|x86.ActiveCfg = Release|Any CPU
		{9032C430-150E-41CE-A76B-A9E272536687}.Release|x86.Build.0 = Release|Any CPU
		{9032C430-150E-41CE-A76B-A9E272536687}.Release|x86.Deploy.0 = Release|Any CPU
		{23C35861-5FC4-4F91-8E11-EF5849AF3B60}.Debug|Any CPU.ActiveCfg = Debug|Any CPU
		{23C35861-5FC4-4F91-8E11-EF5849AF3B60}.Debug|Any CPU.Build.0 = Debug|Any CPU
		{23C35861-5FC4-4F91-8E11-EF5849AF3B60}.Debug|Any CPU.Deploy.0 = Debug|Any CPU
		{23C35861-5FC4-4F91-8E11-EF5849AF3B60}.Debug|netnano1.0.ActiveCfg = Debug|Any CPU
		{23C35861-5FC4-4F91-8E11-EF5849AF3B60}.Debug|netnano1.0.Build.0 = Debug|Any CPU
		{23C35861-5FC4-4F91-8E11-EF5849AF3B60}.Debug|netnano1.0.Deploy.0 = Debug|Any CPU
		{23C35861-5FC4-4F91-8E11-EF5849AF3B60}.Debug|x64.ActiveCfg = Debug|Any CPU
		{23C35861-5FC4-4F91-8E11-EF5849AF3B60}.Debug|x64.Build.0 = Debug|Any CPU
		{23C35861-5FC4-4F91-8E11-EF5849AF3B60}.Debug|x64.Deploy.0 = Debug|Any CPU
		{23C35861-5FC4-4F91-8E11-EF5849AF3B60}.Debug|x86.ActiveCfg = Debug|Any CPU
		{23C35861-5FC4-4F91-8E11-EF5849AF3B60}.Debug|x86.Build.0 = Debug|Any CPU
		{23C35861-5FC4-4F91-8E11-EF5849AF3B60}.Debug|x86.Deploy.0 = Debug|Any CPU
		{23C35861-5FC4-4F91-8E11-EF5849AF3B60}.Release|Any CPU.ActiveCfg = Release|Any CPU
		{23C35861-5FC4-4F91-8E11-EF5849AF3B60}.Release|Any CPU.Build.0 = Release|Any CPU
		{23C35861-5FC4-4F91-8E11-EF5849AF3B60}.Release|netnano1.0.ActiveCfg = Release|Any CPU
		{23C35861-5FC4-4F91-8E11-EF5849AF3B60}.Release|netnano1.0.Build.0 = Release|Any CPU
		{23C35861-5FC4-4F91-8E11-EF5849AF3B60}.Release|x64.ActiveCfg = Release|Any CPU
		{23C35861-5FC4-4F91-8E11-EF5849AF3B60}.Release|x64.Build.0 = Release|Any CPU
		{23C35861-5FC4-4F91-8E11-EF5849AF3B60}.Release|x64.Deploy.0 = Release|Any CPU
		{23C35861-5FC4-4F91-8E11-EF5849AF3B60}.Release|x86.ActiveCfg = Release|Any CPU
		{23C35861-5FC4-4F91-8E11-EF5849AF3B60}.Release|x86.Build.0 = Release|Any CPU
		{23C35861-5FC4-4F91-8E11-EF5849AF3B60}.Release|x86.Deploy.0 = Release|Any CPU
		{B4E854FD-D5E7-42B5-AE09-896AE4525AD5}.Debug|Any CPU.ActiveCfg = Debug|Any CPU
		{B4E854FD-D5E7-42B5-AE09-896AE4525AD5}.Debug|Any CPU.Build.0 = Debug|Any CPU
		{B4E854FD-D5E7-42B5-AE09-896AE4525AD5}.Debug|Any CPU.Deploy.0 = Debug|Any CPU
		{B4E854FD-D5E7-42B5-AE09-896AE4525AD5}.Debug|netnano1.0.ActiveCfg = Debug|Any CPU
		{B4E854FD-D5E7-42B5-AE09-896AE4525AD5}.Debug|netnano1.0.Build.0 = Debug|Any CPU
		{B4E854FD-D5E7-42B5-AE09-896AE4525AD5}.Debug|netnano1.0.Deploy.0 = Debug|Any CPU
		{B4E854FD-D5E7-42B5-AE09-896AE4525AD5}.Debug|x64.ActiveCfg = Debug|Any CPU
		{B4E854FD-D5E7-42B5-AE09-896AE4525AD5}.Debug|x64.Build.0 = Debug|Any CPU
		{B4E854FD-D5E7-42B5-AE09-896AE4525AD5}.Debug|x64.Deploy.0 = Debug|Any CPU
		{B4E854FD-D5E7-42B5-AE09-896AE4525AD5}.Debug|x86.ActiveCfg = Debug|Any CPU
		{B4E854FD-D5E7-42B5-AE09-896AE4525AD5}.Debug|x86.Build.0 = Debug|Any CPU
		{B4E854FD-D5E7-42B5-AE09-896AE4525AD5}.Debug|x86.Deploy.0 = Debug|Any CPU
		{B4E854FD-D5E7-42B5-AE09-896AE4525AD5}.Release|Any CPU.ActiveCfg = Release|Any CPU
		{B4E854FD-D5E7-42B5-AE09-896AE4525AD5}.Release|Any CPU.Build.0 = Release|Any CPU
		{B4E854FD-D5E7-42B5-AE09-896AE4525AD5}.Release|Any CPU.Deploy.0 = Release|Any CPU
		{B4E854FD-D5E7-42B5-AE09-896AE4525AD5}.Release|netnano1.0.ActiveCfg = Release|Any CPU
		{B4E854FD-D5E7-42B5-AE09-896AE4525AD5}.Release|netnano1.0.Build.0 = Release|Any CPU
		{B4E854FD-D5E7-42B5-AE09-896AE4525AD5}.Release|netnano1.0.Deploy.0 = Release|Any CPU
		{B4E854FD-D5E7-42B5-AE09-896AE4525AD5}.Release|x64.ActiveCfg = Release|Any CPU
		{B4E854FD-D5E7-42B5-AE09-896AE4525AD5}.Release|x64.Build.0 = Release|Any CPU
		{B4E854FD-D5E7-42B5-AE09-896AE4525AD5}.Release|x64.Deploy.0 = Release|Any CPU
		{B4E854FD-D5E7-42B5-AE09-896AE4525AD5}.Release|x86.ActiveCfg = Release|Any CPU
		{B4E854FD-D5E7-42B5-AE09-896AE4525AD5}.Release|x86.Build.0 = Release|Any CPU
		{B4E854FD-D5E7-42B5-AE09-896AE4525AD5}.Release|x86.Deploy.0 = Release|Any CPU
		{730C0B91-FB47-48C2-8744-477568A404DE}.Debug|Any CPU.ActiveCfg = Debug|Any CPU
		{730C0B91-FB47-48C2-8744-477568A404DE}.Debug|Any CPU.Build.0 = Debug|Any CPU
		{730C0B91-FB47-48C2-8744-477568A404DE}.Debug|Any CPU.Deploy.0 = Debug|Any CPU
		{730C0B91-FB47-48C2-8744-477568A404DE}.Debug|netnano1.0.ActiveCfg = Debug|Any CPU
		{730C0B91-FB47-48C2-8744-477568A404DE}.Debug|netnano1.0.Build.0 = Debug|Any CPU
		{730C0B91-FB47-48C2-8744-477568A404DE}.Debug|netnano1.0.Deploy.0 = Debug|Any CPU
		{730C0B91-FB47-48C2-8744-477568A404DE}.Debug|x64.ActiveCfg = Debug|Any CPU
		{730C0B91-FB47-48C2-8744-477568A404DE}.Debug|x64.Build.0 = Debug|Any CPU
		{730C0B91-FB47-48C2-8744-477568A404DE}.Debug|x64.Deploy.0 = Debug|Any CPU
		{730C0B91-FB47-48C2-8744-477568A404DE}.Debug|x86.ActiveCfg = Debug|Any CPU
		{730C0B91-FB47-48C2-8744-477568A404DE}.Debug|x86.Build.0 = Debug|Any CPU
		{730C0B91-FB47-48C2-8744-477568A404DE}.Debug|x86.Deploy.0 = Debug|Any CPU
		{730C0B91-FB47-48C2-8744-477568A404DE}.Release|Any CPU.ActiveCfg = Release|Any CPU
		{730C0B91-FB47-48C2-8744-477568A404DE}.Release|Any CPU.Build.0 = Release|Any CPU
		{730C0B91-FB47-48C2-8744-477568A404DE}.Release|Any CPU.Deploy.0 = Release|Any CPU
		{730C0B91-FB47-48C2-8744-477568A404DE}.Release|netnano1.0.ActiveCfg = Release|Any CPU
		{730C0B91-FB47-48C2-8744-477568A404DE}.Release|netnano1.0.Build.0 = Release|Any CPU
		{730C0B91-FB47-48C2-8744-477568A404DE}.Release|netnano1.0.Deploy.0 = Release|Any CPU
		{730C0B91-FB47-48C2-8744-477568A404DE}.Release|x64.ActiveCfg = Release|Any CPU
		{730C0B91-FB47-48C2-8744-477568A404DE}.Release|x64.Build.0 = Release|Any CPU
		{730C0B91-FB47-48C2-8744-477568A404DE}.Release|x64.Deploy.0 = Release|Any CPU
		{730C0B91-FB47-48C2-8744-477568A404DE}.Release|x86.ActiveCfg = Release|Any CPU
		{730C0B91-FB47-48C2-8744-477568A404DE}.Release|x86.Build.0 = Release|Any CPU
		{730C0B91-FB47-48C2-8744-477568A404DE}.Release|x86.Deploy.0 = Release|Any CPU
		{E536956E-679F-4719-86C5-524F96488EAB}.Debug|Any CPU.ActiveCfg = Debug|Any CPU
		{E536956E-679F-4719-86C5-524F96488EAB}.Debug|Any CPU.Build.0 = Debug|Any CPU
		{E536956E-679F-4719-86C5-524F96488EAB}.Debug|Any CPU.Deploy.0 = Debug|Any CPU
		{E536956E-679F-4719-86C5-524F96488EAB}.Debug|netnano1.0.ActiveCfg = Debug|Any CPU
		{E536956E-679F-4719-86C5-524F96488EAB}.Debug|netnano1.0.Build.0 = Debug|Any CPU
		{E536956E-679F-4719-86C5-524F96488EAB}.Debug|netnano1.0.Deploy.0 = Debug|Any CPU
		{E536956E-679F-4719-86C5-524F96488EAB}.Debug|x64.ActiveCfg = Debug|Any CPU
		{E536956E-679F-4719-86C5-524F96488EAB}.Debug|x64.Build.0 = Debug|Any CPU
		{E536956E-679F-4719-86C5-524F96488EAB}.Debug|x64.Deploy.0 = Debug|Any CPU
		{E536956E-679F-4719-86C5-524F96488EAB}.Debug|x86.ActiveCfg = Debug|Any CPU
		{E536956E-679F-4719-86C5-524F96488EAB}.Debug|x86.Build.0 = Debug|Any CPU
		{E536956E-679F-4719-86C5-524F96488EAB}.Debug|x86.Deploy.0 = Debug|Any CPU
		{E536956E-679F-4719-86C5-524F96488EAB}.Release|Any CPU.ActiveCfg = Release|Any CPU
		{E536956E-679F-4719-86C5-524F96488EAB}.Release|Any CPU.Build.0 = Release|Any CPU
		{E536956E-679F-4719-86C5-524F96488EAB}.Release|Any CPU.Deploy.0 = Release|Any CPU
		{E536956E-679F-4719-86C5-524F96488EAB}.Release|netnano1.0.ActiveCfg = Release|Any CPU
		{E536956E-679F-4719-86C5-524F96488EAB}.Release|netnano1.0.Build.0 = Release|Any CPU
		{E536956E-679F-4719-86C5-524F96488EAB}.Release|netnano1.0.Deploy.0 = Release|Any CPU
		{E536956E-679F-4719-86C5-524F96488EAB}.Release|x64.ActiveCfg = Release|Any CPU
		{E536956E-679F-4719-86C5-524F96488EAB}.Release|x64.Build.0 = Release|Any CPU
		{E536956E-679F-4719-86C5-524F96488EAB}.Release|x64.Deploy.0 = Release|Any CPU
		{E536956E-679F-4719-86C5-524F96488EAB}.Release|x86.ActiveCfg = Release|Any CPU
		{E536956E-679F-4719-86C5-524F96488EAB}.Release|x86.Build.0 = Release|Any CPU
		{E536956E-679F-4719-86C5-524F96488EAB}.Release|x86.Deploy.0 = Release|Any CPU
		{9F6B4D23-BB43-47E7-98D9-59D38D480C84}.Debug|Any CPU.ActiveCfg = Debug|Any CPU
		{9F6B4D23-BB43-47E7-98D9-59D38D480C84}.Debug|Any CPU.Build.0 = Debug|Any CPU
		{9F6B4D23-BB43-47E7-98D9-59D38D480C84}.Debug|Any CPU.Deploy.0 = Debug|Any CPU
		{9F6B4D23-BB43-47E7-98D9-59D38D480C84}.Debug|netnano1.0.ActiveCfg = Debug|Any CPU
		{9F6B4D23-BB43-47E7-98D9-59D38D480C84}.Debug|netnano1.0.Build.0 = Debug|Any CPU
		{9F6B4D23-BB43-47E7-98D9-59D38D480C84}.Debug|netnano1.0.Deploy.0 = Debug|Any CPU
		{9F6B4D23-BB43-47E7-98D9-59D38D480C84}.Debug|x64.ActiveCfg = Debug|Any CPU
		{9F6B4D23-BB43-47E7-98D9-59D38D480C84}.Debug|x64.Build.0 = Debug|Any CPU
		{9F6B4D23-BB43-47E7-98D9-59D38D480C84}.Debug|x64.Deploy.0 = Debug|Any CPU
		{9F6B4D23-BB43-47E7-98D9-59D38D480C84}.Debug|x86.ActiveCfg = Debug|Any CPU
		{9F6B4D23-BB43-47E7-98D9-59D38D480C84}.Debug|x86.Build.0 = Debug|Any CPU
		{9F6B4D23-BB43-47E7-98D9-59D38D480C84}.Debug|x86.Deploy.0 = Debug|Any CPU
		{9F6B4D23-BB43-47E7-98D9-59D38D480C84}.Release|Any CPU.ActiveCfg = Release|Any CPU
		{9F6B4D23-BB43-47E7-98D9-59D38D480C84}.Release|Any CPU.Build.0 = Release|Any CPU
		{9F6B4D23-BB43-47E7-98D9-59D38D480C84}.Release|Any CPU.Deploy.0 = Release|Any CPU
		{9F6B4D23-BB43-47E7-98D9-59D38D480C84}.Release|netnano1.0.ActiveCfg = Release|Any CPU
		{9F6B4D23-BB43-47E7-98D9-59D38D480C84}.Release|netnano1.0.Build.0 = Release|Any CPU
		{9F6B4D23-BB43-47E7-98D9-59D38D480C84}.Release|netnano1.0.Deploy.0 = Release|Any CPU
		{9F6B4D23-BB43-47E7-98D9-59D38D480C84}.Release|x64.ActiveCfg = Release|Any CPU
		{9F6B4D23-BB43-47E7-98D9-59D38D480C84}.Release|x64.Build.0 = Release|Any CPU
		{9F6B4D23-BB43-47E7-98D9-59D38D480C84}.Release|x64.Deploy.0 = Release|Any CPU
		{9F6B4D23-BB43-47E7-98D9-59D38D480C84}.Release|x86.ActiveCfg = Release|Any CPU
		{9F6B4D23-BB43-47E7-98D9-59D38D480C84}.Release|x86.Build.0 = Release|Any CPU
		{9F6B4D23-BB43-47E7-98D9-59D38D480C84}.Release|x86.Deploy.0 = Release|Any CPU
		{88C73869-27FA-4A38-8E25-1F48788E4D01}.Debug|Any CPU.ActiveCfg = Debug|Any CPU
		{88C73869-27FA-4A38-8E25-1F48788E4D01}.Debug|Any CPU.Build.0 = Debug|Any CPU
		{88C73869-27FA-4A38-8E25-1F48788E4D01}.Debug|Any CPU.Deploy.0 = Debug|Any CPU
		{88C73869-27FA-4A38-8E25-1F48788E4D01}.Debug|netnano1.0.ActiveCfg = Debug|Any CPU
		{88C73869-27FA-4A38-8E25-1F48788E4D01}.Debug|netnano1.0.Build.0 = Debug|Any CPU
		{88C73869-27FA-4A38-8E25-1F48788E4D01}.Debug|netnano1.0.Deploy.0 = Debug|Any CPU
		{88C73869-27FA-4A38-8E25-1F48788E4D01}.Debug|x64.ActiveCfg = Debug|Any CPU
		{88C73869-27FA-4A38-8E25-1F48788E4D01}.Debug|x64.Build.0 = Debug|Any CPU
		{88C73869-27FA-4A38-8E25-1F48788E4D01}.Debug|x64.Deploy.0 = Debug|Any CPU
		{88C73869-27FA-4A38-8E25-1F48788E4D01}.Debug|x86.ActiveCfg = Debug|Any CPU
		{88C73869-27FA-4A38-8E25-1F48788E4D01}.Debug|x86.Build.0 = Debug|Any CPU
		{88C73869-27FA-4A38-8E25-1F48788E4D01}.Debug|x86.Deploy.0 = Debug|Any CPU
		{88C73869-27FA-4A38-8E25-1F48788E4D01}.Release|Any CPU.ActiveCfg = Release|Any CPU
		{88C73869-27FA-4A38-8E25-1F48788E4D01}.Release|Any CPU.Build.0 = Release|Any CPU
		{88C73869-27FA-4A38-8E25-1F48788E4D01}.Release|Any CPU.Deploy.0 = Release|Any CPU
		{88C73869-27FA-4A38-8E25-1F48788E4D01}.Release|netnano1.0.ActiveCfg = Release|Any CPU
		{88C73869-27FA-4A38-8E25-1F48788E4D01}.Release|netnano1.0.Build.0 = Release|Any CPU
		{88C73869-27FA-4A38-8E25-1F48788E4D01}.Release|netnano1.0.Deploy.0 = Release|Any CPU
		{88C73869-27FA-4A38-8E25-1F48788E4D01}.Release|x64.ActiveCfg = Release|Any CPU
		{88C73869-27FA-4A38-8E25-1F48788E4D01}.Release|x64.Build.0 = Release|Any CPU
		{88C73869-27FA-4A38-8E25-1F48788E4D01}.Release|x64.Deploy.0 = Release|Any CPU
		{88C73869-27FA-4A38-8E25-1F48788E4D01}.Release|x86.ActiveCfg = Release|Any CPU
		{88C73869-27FA-4A38-8E25-1F48788E4D01}.Release|x86.Build.0 = Release|Any CPU
		{88C73869-27FA-4A38-8E25-1F48788E4D01}.Release|x86.Deploy.0 = Release|Any CPU
		{34F92306-BFA9-45D2-B519-B9C6F064D077}.Debug|Any CPU.ActiveCfg = Debug|Any CPU
		{34F92306-BFA9-45D2-B519-B9C6F064D077}.Debug|Any CPU.Build.0 = Debug|Any CPU
		{34F92306-BFA9-45D2-B519-B9C6F064D077}.Debug|Any CPU.Deploy.0 = Debug|Any CPU
		{34F92306-BFA9-45D2-B519-B9C6F064D077}.Debug|netnano1.0.ActiveCfg = Debug|Any CPU
		{34F92306-BFA9-45D2-B519-B9C6F064D077}.Debug|netnano1.0.Build.0 = Debug|Any CPU
		{34F92306-BFA9-45D2-B519-B9C6F064D077}.Debug|netnano1.0.Deploy.0 = Debug|Any CPU
		{34F92306-BFA9-45D2-B519-B9C6F064D077}.Debug|x64.ActiveCfg = Debug|Any CPU
		{34F92306-BFA9-45D2-B519-B9C6F064D077}.Debug|x64.Build.0 = Debug|Any CPU
		{34F92306-BFA9-45D2-B519-B9C6F064D077}.Debug|x64.Deploy.0 = Debug|Any CPU
		{34F92306-BFA9-45D2-B519-B9C6F064D077}.Debug|x86.ActiveCfg = Debug|Any CPU
		{34F92306-BFA9-45D2-B519-B9C6F064D077}.Debug|x86.Build.0 = Debug|Any CPU
		{34F92306-BFA9-45D2-B519-B9C6F064D077}.Debug|x86.Deploy.0 = Debug|Any CPU
		{34F92306-BFA9-45D2-B519-B9C6F064D077}.Release|Any CPU.ActiveCfg = Release|Any CPU
		{34F92306-BFA9-45D2-B519-B9C6F064D077}.Release|Any CPU.Build.0 = Release|Any CPU
		{34F92306-BFA9-45D2-B519-B9C6F064D077}.Release|Any CPU.Deploy.0 = Release|Any CPU
		{34F92306-BFA9-45D2-B519-B9C6F064D077}.Release|netnano1.0.ActiveCfg = Release|Any CPU
		{34F92306-BFA9-45D2-B519-B9C6F064D077}.Release|netnano1.0.Build.0 = Release|Any CPU
		{34F92306-BFA9-45D2-B519-B9C6F064D077}.Release|netnano1.0.Deploy.0 = Release|Any CPU
		{34F92306-BFA9-45D2-B519-B9C6F064D077}.Release|x64.ActiveCfg = Release|Any CPU
		{34F92306-BFA9-45D2-B519-B9C6F064D077}.Release|x64.Build.0 = Release|Any CPU
		{34F92306-BFA9-45D2-B519-B9C6F064D077}.Release|x64.Deploy.0 = Release|Any CPU
		{34F92306-BFA9-45D2-B519-B9C6F064D077}.Release|x86.ActiveCfg = Release|Any CPU
		{34F92306-BFA9-45D2-B519-B9C6F064D077}.Release|x86.Build.0 = Release|Any CPU
		{34F92306-BFA9-45D2-B519-B9C6F064D077}.Release|x86.Deploy.0 = Release|Any CPU
		{35D0727B-7B51-4870-8198-D8C267B4AB81}.Debug|Any CPU.ActiveCfg = Debug|Any CPU
		{35D0727B-7B51-4870-8198-D8C267B4AB81}.Debug|Any CPU.Build.0 = Debug|Any CPU
		{35D0727B-7B51-4870-8198-D8C267B4AB81}.Debug|Any CPU.Deploy.0 = Debug|Any CPU
		{35D0727B-7B51-4870-8198-D8C267B4AB81}.Debug|netnano1.0.ActiveCfg = Debug|Any CPU
		{35D0727B-7B51-4870-8198-D8C267B4AB81}.Debug|netnano1.0.Build.0 = Debug|Any CPU
		{35D0727B-7B51-4870-8198-D8C267B4AB81}.Debug|netnano1.0.Deploy.0 = Debug|Any CPU
		{35D0727B-7B51-4870-8198-D8C267B4AB81}.Debug|x64.ActiveCfg = Debug|Any CPU
		{35D0727B-7B51-4870-8198-D8C267B4AB81}.Debug|x64.Build.0 = Debug|Any CPU
		{35D0727B-7B51-4870-8198-D8C267B4AB81}.Debug|x64.Deploy.0 = Debug|Any CPU
		{35D0727B-7B51-4870-8198-D8C267B4AB81}.Debug|x86.ActiveCfg = Debug|Any CPU
		{35D0727B-7B51-4870-8198-D8C267B4AB81}.Debug|x86.Build.0 = Debug|Any CPU
		{35D0727B-7B51-4870-8198-D8C267B4AB81}.Debug|x86.Deploy.0 = Debug|Any CPU
		{35D0727B-7B51-4870-8198-D8C267B4AB81}.Release|Any CPU.ActiveCfg = Release|Any CPU
		{35D0727B-7B51-4870-8198-D8C267B4AB81}.Release|Any CPU.Build.0 = Release|Any CPU
		{35D0727B-7B51-4870-8198-D8C267B4AB81}.Release|Any CPU.Deploy.0 = Release|Any CPU
		{35D0727B-7B51-4870-8198-D8C267B4AB81}.Release|netnano1.0.ActiveCfg = Release|Any CPU
		{35D0727B-7B51-4870-8198-D8C267B4AB81}.Release|netnano1.0.Build.0 = Release|Any CPU
		{35D0727B-7B51-4870-8198-D8C267B4AB81}.Release|netnano1.0.Deploy.0 = Release|Any CPU
		{35D0727B-7B51-4870-8198-D8C267B4AB81}.Release|x64.ActiveCfg = Release|Any CPU
		{35D0727B-7B51-4870-8198-D8C267B4AB81}.Release|x64.Build.0 = Release|Any CPU
		{35D0727B-7B51-4870-8198-D8C267B4AB81}.Release|x64.Deploy.0 = Release|Any CPU
		{35D0727B-7B51-4870-8198-D8C267B4AB81}.Release|x86.ActiveCfg = Release|Any CPU
		{35D0727B-7B51-4870-8198-D8C267B4AB81}.Release|x86.Build.0 = Release|Any CPU
		{35D0727B-7B51-4870-8198-D8C267B4AB81}.Release|x86.Deploy.0 = Release|Any CPU
		{59D7F13F-78B7-4B98-B6AE-3F261838728D}.Debug|Any CPU.ActiveCfg = Debug|Any CPU
		{59D7F13F-78B7-4B98-B6AE-3F261838728D}.Debug|Any CPU.Build.0 = Debug|Any CPU
		{59D7F13F-78B7-4B98-B6AE-3F261838728D}.Debug|Any CPU.Deploy.0 = Debug|Any CPU
		{59D7F13F-78B7-4B98-B6AE-3F261838728D}.Debug|netnano1.0.ActiveCfg = Debug|Any CPU
		{59D7F13F-78B7-4B98-B6AE-3F261838728D}.Debug|netnano1.0.Build.0 = Debug|Any CPU
		{59D7F13F-78B7-4B98-B6AE-3F261838728D}.Debug|netnano1.0.Deploy.0 = Debug|Any CPU
		{59D7F13F-78B7-4B98-B6AE-3F261838728D}.Debug|x64.ActiveCfg = Debug|Any CPU
		{59D7F13F-78B7-4B98-B6AE-3F261838728D}.Debug|x64.Build.0 = Debug|Any CPU
		{59D7F13F-78B7-4B98-B6AE-3F261838728D}.Debug|x64.Deploy.0 = Debug|Any CPU
		{59D7F13F-78B7-4B98-B6AE-3F261838728D}.Debug|x86.ActiveCfg = Debug|Any CPU
		{59D7F13F-78B7-4B98-B6AE-3F261838728D}.Debug|x86.Build.0 = Debug|Any CPU
		{59D7F13F-78B7-4B98-B6AE-3F261838728D}.Debug|x86.Deploy.0 = Debug|Any CPU
		{59D7F13F-78B7-4B98-B6AE-3F261838728D}.Release|Any CPU.ActiveCfg = Release|Any CPU
		{59D7F13F-78B7-4B98-B6AE-3F261838728D}.Release|Any CPU.Build.0 = Release|Any CPU
		{59D7F13F-78B7-4B98-B6AE-3F261838728D}.Release|Any CPU.Deploy.0 = Release|Any CPU
		{59D7F13F-78B7-4B98-B6AE-3F261838728D}.Release|netnano1.0.ActiveCfg = Release|Any CPU
		{59D7F13F-78B7-4B98-B6AE-3F261838728D}.Release|netnano1.0.Build.0 = Release|Any CPU
		{59D7F13F-78B7-4B98-B6AE-3F261838728D}.Release|netnano1.0.Deploy.0 = Release|Any CPU
		{59D7F13F-78B7-4B98-B6AE-3F261838728D}.Release|x64.ActiveCfg = Release|Any CPU
		{59D7F13F-78B7-4B98-B6AE-3F261838728D}.Release|x64.Build.0 = Release|Any CPU
		{59D7F13F-78B7-4B98-B6AE-3F261838728D}.Release|x64.Deploy.0 = Release|Any CPU
		{59D7F13F-78B7-4B98-B6AE-3F261838728D}.Release|x86.ActiveCfg = Release|Any CPU
		{59D7F13F-78B7-4B98-B6AE-3F261838728D}.Release|x86.Build.0 = Release|Any CPU
		{59D7F13F-78B7-4B98-B6AE-3F261838728D}.Release|x86.Deploy.0 = Release|Any CPU
	EndGlobalSection
	GlobalSection(SolutionProperties) = preSolution
		HideSolutionNode = FALSE
	EndGlobalSection
	GlobalSection(NestedProjects) = preSolution
		{45002B51-1A7D-45A9-9575-37EFBCDA2CDB} = {AA16F2A7-BFB7-4DF8-842B-DAF4DD608046}
		{196B4173-04FF-4351-9CF2-782A10A47F1F} = {ED0D33AF-09C0-4736-AA5D-93D63F5AC260}
		{AA16F2A7-BFB7-4DF8-842B-DAF4DD608046} = {360F4310-3331-4136-83BF-2029ED1F5F17}
		{954F0807-304C-4B13-A33C-EC7DCFA13EB1} = {196B4173-04FF-4351-9CF2-782A10A47F1F}
		{65AB2046-94E0-420A-A429-4F6ACFBA8CCA} = {45002B51-1A7D-45A9-9575-37EFBCDA2CDB}
		{4C7BE21A-9657-4766-9B63-D726575E0121} = {AA16F2A7-BFB7-4DF8-842B-DAF4DD608046}
		{42C2E912-B158-4D19-9F3D-07977ACE9E1C} = {954F0807-304C-4B13-A33C-EC7DCFA13EB1}
		{25AA1E2C-F7CB-41B4-A6D1-CCBEF181F69B} = {196B4173-04FF-4351-9CF2-782A10A47F1F}
		{EFE608F2-1788-4B5C-BC40-6F382620B625} = {360F4310-3331-4136-83BF-2029ED1F5F17}
		{86EA703C-E9B8-4FCC-9AA9-94DC1FB19F57} = {EFE608F2-1788-4B5C-BC40-6F382620B625}
		{D68B60AD-7FA0-48AC-BDB8-874A5647F676} = {360F4310-3331-4136-83BF-2029ED1F5F17}
		{107BAAA4-8F2A-46C1-85E3-E6131759F1CF} = {D68B60AD-7FA0-48AC-BDB8-874A5647F676}
		{12D709CA-02DA-4E1C-A2C3-6EC6EADA0EC0} = {107BAAA4-8F2A-46C1-85E3-E6131759F1CF}
		{55220F8C-1A68-451B-AB8E-8882AC204C82} = {12D709CA-02DA-4E1C-A2C3-6EC6EADA0EC0}
		{D0B953D5-F705-4416-9824-35F040059BE9} = {12D709CA-02DA-4E1C-A2C3-6EC6EADA0EC0}
		{BCFA4F67-F64D-4B66-A4D9-31A883D67A0B} = {D0B953D5-F705-4416-9824-35F040059BE9}
		{BD6DD937-2030-4D03-83C5-BE790F5099E2} = {D68B60AD-7FA0-48AC-BDB8-874A5647F676}
		{9F5126B0-B4D2-424A-97B0-587801EB7BDC} = {360F4310-3331-4136-83BF-2029ED1F5F17}
		{6A9B9917-7133-47E1-95F3-06AA4A7C5B22} = {9F5126B0-B4D2-424A-97B0-587801EB7BDC}
		{A6B69B9A-01F9-412A-AA53-886EF9E75646} = {6A9B9917-7133-47E1-95F3-06AA4A7C5B22}
		{2FC30DAC-A4E5-414F-A932-4FB9867C2A76} = {6A9B9917-7133-47E1-95F3-06AA4A7C5B22}
		{33E70EA0-2597-41F7-ADA6-B59676E34E4C} = {2FC30DAC-A4E5-414F-A932-4FB9867C2A76}
		{387B9E48-16A6-4759-A137-464A9813CA95} = {D68B60AD-7FA0-48AC-BDB8-874A5647F676}
		{2CA9E545-F44C-433D-A78E-D0860548B6C8} = {387B9E48-16A6-4759-A137-464A9813CA95}
		{5B509DA1-651E-4D61-9191-04C667E77508} = {387B9E48-16A6-4759-A137-464A9813CA95}
		{45BE586F-4A61-462F-B260-0CCCC5384E89} = {5B509DA1-651E-4D61-9191-04C667E77508}
		{F6C15AD1-5D59-4914-BE43-51FF37879DDC} = {D68B60AD-7FA0-48AC-BDB8-874A5647F676}
		{AF2DE6D5-4634-4732-9DF1-1C776B51774A} = {F6C15AD1-5D59-4914-BE43-51FF37879DDC}
		{B73B1F35-77F2-4CF6-BFE0-5563D61843AB} = {F6C15AD1-5D59-4914-BE43-51FF37879DDC}
		{11DF406A-1DBE-448D-9EB8-3BBCB9BC27FC} = {B73B1F35-77F2-4CF6-BFE0-5563D61843AB}
		{E2857DA7-1158-4B28-897E-E2BD099EBD2D} = {BD6DD937-2030-4D03-83C5-BE790F5099E2}
		{E7C4CD40-EEFC-4999-A952-3309974A024D} = {E2857DA7-1158-4B28-897E-E2BD099EBD2D}
		{556AEB96-BA8D-4E74-954E-0E31E12ABFE6} = {BD6DD937-2030-4D03-83C5-BE790F5099E2}
		{BABF9162-0E52-4ECD-9BB8-93F500D62764} = {556AEB96-BA8D-4E74-954E-0E31E12ABFE6}
		{1360E5AD-3275-406B-B265-8D51C46ADAAB} = {E2857DA7-1158-4B28-897E-E2BD099EBD2D}
		{704B9E1D-98A1-465C-9931-6111F43D0F23} = {E7C4CD40-EEFC-4999-A952-3309974A024D}
		{A2326042-7325-45ED-BFBB-BE45E34A1CCD} = {556AEB96-BA8D-4E74-954E-0E31E12ABFE6}
		{29085240-A7D4-479E-B4EB-29AEA174679E} = {BABF9162-0E52-4ECD-9BB8-93F500D62764}
		{C4C77B7E-6A71-46FE-B2BE-837DD720CCBE} = {D68B60AD-7FA0-48AC-BDB8-874A5647F676}
		{2427264D-2668-4916-8ED4-5808B1C7A173} = {C4C77B7E-6A71-46FE-B2BE-837DD720CCBE}
		{B9DED54B-05CA-43C6-B0C0-2417AC0B39F9} = {2427264D-2668-4916-8ED4-5808B1C7A173}
		{77033BF2-0FCC-4766-B289-05E523C5E33D} = {2427264D-2668-4916-8ED4-5808B1C7A173}
		{BD03ED5A-D362-44CE-B0BD-EB9DF1E8ABA4} = {B9DED54B-05CA-43C6-B0C0-2417AC0B39F9}
		{214E6127-4156-4AF6-8A47-3E0C63893A89} = {C4C77B7E-6A71-46FE-B2BE-837DD720CCBE}
		{02D2A8E7-03AA-4CBB-B7EC-FE49907C9AFB} = {214E6127-4156-4AF6-8A47-3E0C63893A89}
		{ED0D33AF-09C0-4736-AA5D-93D63F5AC260} = {360F4310-3331-4136-83BF-2029ED1F5F17}
		{96B0696E-DD1C-47E1-AAED-7F791C590725} = {ED0D33AF-09C0-4736-AA5D-93D63F5AC260}
		{62D803E9-DD2A-4C14-A719-CE62E7D4E52E} = {96B0696E-DD1C-47E1-AAED-7F791C590725}
		{FFBAD0AA-7E7F-4BA6-8383-B8C315F2098D} = {96B0696E-DD1C-47E1-AAED-7F791C590725}
		{E4A753A2-C92B-4026-BE0C-26180CE3CBF3} = {FFBAD0AA-7E7F-4BA6-8383-B8C315F2098D}
		{5E1BCA7D-014D-4E10-9DE8-B4675607F62F} = {BD6DD937-2030-4D03-83C5-BE790F5099E2}
		{7BD97832-C3DA-4F74-90BD-663958B4C70F} = {5E1BCA7D-014D-4E10-9DE8-B4675607F62F}
		{A871784F-B3A0-4F22-9E0F-93FAAE850BA5} = {5E1BCA7D-014D-4E10-9DE8-B4675607F62F}
		{EAE46DB7-12D2-4475-9E57-D4F1AD06D016} = {A871784F-B3A0-4F22-9E0F-93FAAE850BA5}
		{47382374-1099-4C5B-AEED-77CC46637BD7} = {D68B60AD-7FA0-48AC-BDB8-874A5647F676}
		{E6597718-A063-4E4B-8C32-A95936A3BE02} = {47382374-1099-4C5B-AEED-77CC46637BD7}
		{EE1AEB48-605F-499A-A62F-989C7EC684FB} = {E6597718-A063-4E4B-8C32-A95936A3BE02}
		{9032C430-150E-41CE-A76B-A9E272536687} = {47382374-1099-4C5B-AEED-77CC46637BD7}
		{F2E45B5B-4841-416E-AAE9-BD158987DC72} = {BD6DD937-2030-4D03-83C5-BE790F5099E2}
		{23C35861-5FC4-4F91-8E11-EF5849AF3B60} = {F2E45B5B-4841-416E-AAE9-BD158987DC72}
		{B4E854FD-D5E7-42B5-AE09-896AE4525AD5} = {708518C8-597D-4748-923F-0A4C827240AE}
		{730C0B91-FB47-48C2-8744-477568A404DE} = {708518C8-597D-4748-923F-0A4C827240AE}
		{E536956E-679F-4719-86C5-524F96488EAB} = {708518C8-597D-4748-923F-0A4C827240AE}
		{707A0BE3-8AD2-4BC8-A933-F5CD56D4E3BB} = {ED0D33AF-09C0-4736-AA5D-93D63F5AC260}
		{9F6B4D23-BB43-47E7-98D9-59D38D480C84} = {707A0BE3-8AD2-4BC8-A933-F5CD56D4E3BB}
		{5B4BE9D6-FA81-408F-B180-BA662E1F3580} = {707A0BE3-8AD2-4BC8-A933-F5CD56D4E3BB}
		{88C73869-27FA-4A38-8E25-1F48788E4D01} = {5B4BE9D6-FA81-408F-B180-BA662E1F3580}
		{DF588D51-C1FB-4EE0-8833-F0E5D8F45925} = {C4C77B7E-6A71-46FE-B2BE-837DD720CCBE}
		{34F92306-BFA9-45D2-B519-B9C6F064D077} = {DF588D51-C1FB-4EE0-8833-F0E5D8F45925}
		{C449F3D4-8E83-4713-A528-C7536E9E083F} = {DF588D51-C1FB-4EE0-8833-F0E5D8F45925}
		{35D0727B-7B51-4870-8198-D8C267B4AB81} = {C449F3D4-8E83-4713-A528-C7536E9E083F}
		{59D7F13F-78B7-4B98-B6AE-3F261838728D} = {5B509DA1-651E-4D61-9191-04C667E77508}
	EndGlobalSection
	GlobalSection(ExtensibilityGlobals) = postSolution
		RESX_PrefixTranslations = False
		SolutionGuid = {2853AEF7-AEE4-4C31-8CF4-062690960A05}
	EndGlobalSection
EndGlobal
